// !$*UTF8*$!
{
	archiveVersion = 1;
	classes = {
	};
	objectVersion = 45;
	objects = {

/* Begin PBXBuildFile section */
		1D3623260D0F684500981E51 /* NewsgroupAppDelegate.m in Sources */ = {isa = PBXBuildFile; fileRef = 1D3623250D0F684500981E51 /* NewsgroupAppDelegate.m */; };
		1D60589B0D05DD56006BFB54 /* main.m in Sources */ = {isa = PBXBuildFile; fileRef = 29B97316FDCFA39411CA2CEA /* main.m */; };
		1D60589F0D05DD5A006BFB54 /* Foundation.framework in Frameworks */ = {isa = PBXBuildFile; fileRef = 1D30AB110D05D00D00671497 /* Foundation.framework */; };
		1DF5F4E00D08C38300B7A737 /* UIKit.framework in Frameworks */ = {isa = PBXBuildFile; fileRef = 1DF5F4DF0D08C38300B7A737 /* UIKit.framework */; };
		28860BE50F44EE6400985440 /* CoreData.framework in Frameworks */ = {isa = PBXBuildFile; fileRef = 28860BE40F44EE6400985440 /* CoreData.framework */; };
		2892E4100DC94CBA00A64D0F /* CoreGraphics.framework in Frameworks */ = {isa = PBXBuildFile; fileRef = 2892E40F0DC94CBA00A64D0F /* CoreGraphics.framework */; };
		2899E5600DE3E45000AC0155 /* MainThreadView.xib in Resources */ = {isa = PBXBuildFile; fileRef = 2899E55F0DE3E45000AC0155 /* MainThreadView.xib */; };
		28AD73600D9D9599002E5188 /* MainWindow.xib in Resources */ = {isa = PBXBuildFile; fileRef = 28AD735F0D9D9599002E5188 /* MainWindow.xib */; };
		28C286E10D94DF7D0034E888 /* MainThreadView.m in Sources */ = {isa = PBXBuildFile; fileRef = 28C286E00D94DF7D0034E888 /* MainThreadView.m */; };
		28D3F202112F7DC200FD0661 /* Newsgroup.xcdatamodeld in Sources */ = {isa = PBXBuildFile; fileRef = 28D3F201112F7DC200FD0661 /* Newsgroup.xcdatamodeld */; };
		292B99C713480A6800393669 /* Default.png in Resources */ = {isa = PBXBuildFile; fileRef = 292B99C613480A6800393669 /* Default.png */; };
		294E4396134D3A7B00BFE43B /* PostCell.xib in Resources */ = {isa = PBXBuildFile; fileRef = 294E4395134D3A7B00BFE43B /* PostCell.xib */; };
		294E439B134DCBFE00BFE43B /* TDBadgedCell.m in Sources */ = {isa = PBXBuildFile; fileRef = 294E439A134DCBFE00BFE43B /* TDBadgedCell.m */; };
		296BEB67131048C20026BF42 /* NSString+Digest.m in Sources */ = {isa = PBXBuildFile; fileRef = 296BEB66131048C20026BF42 /* NSString+Digest.m */; };
		4D0B8E651329C26C0081E772 /* post_body.html in Resources */ = {isa = PBXBuildFile; fileRef = 4D0B8E641329C26C0081E772 /* post_body.html */; };
		4D1DD4C0133FA61300A61679 /* Icon.png in Resources */ = {isa = PBXBuildFile; fileRef = 4D1DD4BF133FA61300A61679 /* Icon.png */; };
		4D41B3A6131F29410044171F /* Settings.bundle in Resources */ = {isa = PBXBuildFile; fileRef = 4D41B3A5131F29410044171F /* Settings.bundle */; };
		4D41B3AA131F36BD0044171F /* DDAlertPrompt.m in Sources */ = {isa = PBXBuildFile; fileRef = 4D41B3A9131F36BD0044171F /* DDAlertPrompt.m */; };
		4D41B402132004730044171F /* newsgroup_posts_cleaned.plist in Resources */ = {isa = PBXBuildFile; fileRef = 4D41B401132004730044171F /* newsgroup_posts_cleaned.plist */; };
		4D4CEC67132FC4E8009FDA84 /* RequestGenerator.m in Sources */ = {isa = PBXBuildFile; fileRef = 4D4CEC66132FC4E7009FDA84 /* RequestGenerator.m */; };
		4D4CEC68132FC4E8009FDA84 /* RequestGenerator.m in Sources */ = {isa = PBXBuildFile; fileRef = 4D4CEC66132FC4E7009FDA84 /* RequestGenerator.m */; };
		4D4CEC6A132FC600009FDA84 /* TestRequestGenerator.m in Sources */ = {isa = PBXBuildFile; fileRef = 4D4CEC69132FC600009FDA84 /* TestRequestGenerator.m */; };
		4D54C9321327A9BA001D70C1 /* isRead.png in Resources */ = {isa = PBXBuildFile; fileRef = 4D54C9311327A9BA001D70C1 /* isRead.png */; };
		4D562015130847090008C9B5 /* libOCMock.a in Frameworks */ = {isa = PBXBuildFile; fileRef = 4D562014130847090008C9B5 /* libOCMock.a */; };
		4D72F97A13167AFA0027E478 /* NSObject+JSON.m in Sources */ = {isa = PBXBuildFile; fileRef = 4D72F96913167AFA0027E478 /* NSObject+JSON.m */; };
		4D72F97B13167AFA0027E478 /* NSObject+JSON.m in Sources */ = {isa = PBXBuildFile; fileRef = 4D72F96913167AFA0027E478 /* NSObject+JSON.m */; };
		4D72F97C13167AFA0027E478 /* SBJsonParser.m in Sources */ = {isa = PBXBuildFile; fileRef = 4D72F96B13167AFA0027E478 /* SBJsonParser.m */; };
		4D72F97D13167AFA0027E478 /* SBJsonParser.m in Sources */ = {isa = PBXBuildFile; fileRef = 4D72F96B13167AFA0027E478 /* SBJsonParser.m */; };
		4D72F97E13167AFA0027E478 /* SBJsonStreamParser.m in Sources */ = {isa = PBXBuildFile; fileRef = 4D72F96D13167AFA0027E478 /* SBJsonStreamParser.m */; };
		4D72F97F13167AFA0027E478 /* SBJsonStreamParser.m in Sources */ = {isa = PBXBuildFile; fileRef = 4D72F96D13167AFA0027E478 /* SBJsonStreamParser.m */; };
		4D72F98013167AFA0027E478 /* SBJsonStreamParserAdapter.m in Sources */ = {isa = PBXBuildFile; fileRef = 4D72F96F13167AFA0027E478 /* SBJsonStreamParserAdapter.m */; };
		4D72F98113167AFA0027E478 /* SBJsonStreamParserAdapter.m in Sources */ = {isa = PBXBuildFile; fileRef = 4D72F96F13167AFA0027E478 /* SBJsonStreamParserAdapter.m */; };
		4D72F98213167AFA0027E478 /* SBJsonStreamParserState.m in Sources */ = {isa = PBXBuildFile; fileRef = 4D72F97113167AFA0027E478 /* SBJsonStreamParserState.m */; };
		4D72F98313167AFA0027E478 /* SBJsonStreamParserState.m in Sources */ = {isa = PBXBuildFile; fileRef = 4D72F97113167AFA0027E478 /* SBJsonStreamParserState.m */; };
		4D72F98413167AFA0027E478 /* SBJsonStreamWriter.m in Sources */ = {isa = PBXBuildFile; fileRef = 4D72F97313167AFA0027E478 /* SBJsonStreamWriter.m */; };
		4D72F98513167AFA0027E478 /* SBJsonStreamWriter.m in Sources */ = {isa = PBXBuildFile; fileRef = 4D72F97313167AFA0027E478 /* SBJsonStreamWriter.m */; };
		4D72F98613167AFA0027E478 /* SBJsonStreamWriterState.m in Sources */ = {isa = PBXBuildFile; fileRef = 4D72F97513167AFA0027E478 /* SBJsonStreamWriterState.m */; };
		4D72F98713167AFA0027E478 /* SBJsonStreamWriterState.m in Sources */ = {isa = PBXBuildFile; fileRef = 4D72F97513167AFA0027E478 /* SBJsonStreamWriterState.m */; };
		4D72F98813167AFA0027E478 /* SBJsonTokeniser.m in Sources */ = {isa = PBXBuildFile; fileRef = 4D72F97713167AFA0027E478 /* SBJsonTokeniser.m */; };
		4D72F98913167AFA0027E478 /* SBJsonTokeniser.m in Sources */ = {isa = PBXBuildFile; fileRef = 4D72F97713167AFA0027E478 /* SBJsonTokeniser.m */; };
		4D72F98A13167AFA0027E478 /* SBJsonWriter.m in Sources */ = {isa = PBXBuildFile; fileRef = 4D72F97913167AFA0027E478 /* SBJsonWriter.m */; };
		4D72F98B13167AFA0027E478 /* SBJsonWriter.m in Sources */ = {isa = PBXBuildFile; fileRef = 4D72F97913167AFA0027E478 /* SBJsonWriter.m */; };
		4D72F98E13167E190027E478 /* PostLoadOperation.m in Sources */ = {isa = PBXBuildFile; fileRef = 4D72F98D13167E180027E478 /* PostLoadOperation.m */; };
		4D72F98F13167E190027E478 /* PostLoadOperation.m in Sources */ = {isa = PBXBuildFile; fileRef = 4D72F98D13167E180027E478 /* PostLoadOperation.m */; };
		4D8D406B1304554A0033E9E7 /* DataController.m in Sources */ = {isa = PBXBuildFile; fileRef = 4D8D406A130455490033E9E7 /* DataController.m */; };
		4D9D4C7A130B5C6100A34E8F /* FetchedResultsViewController.m in Sources */ = {isa = PBXBuildFile; fileRef = 4D9D4C79130B5C6100A34E8F /* FetchedResultsViewController.m */; };
		4D9D4D27130CAA2600A34E8F /* HeaderView.xib in Resources */ = {isa = PBXBuildFile; fileRef = 4D9D4D26130CAA2600A34E8F /* HeaderView.xib */; };
		4D9D4E26130E0DD800A34E8F /* ToolbarProgressView.m in Sources */ = {isa = PBXBuildFile; fileRef = 4D9D4E25130E0DD800A34E8F /* ToolbarProgressView.m */; };
		4D9D4E5D130E12BD00A34E8F /* ProgressView.xib in Resources */ = {isa = PBXBuildFile; fileRef = 4D9D4E5C130E12BD00A34E8F /* ProgressView.xib */; };
		4D9D4ECF130E993D00A34E8F /* NSDate+Helper.m in Sources */ = {isa = PBXBuildFile; fileRef = 4D9D4ECE130E993D00A34E8F /* NSDate+Helper.m */; };
		4DB0B61F1305C14600B24E54 /* TestData.plist in Resources */ = {isa = PBXBuildFile; fileRef = 4DB0B61E1305C14600B24E54 /* TestData.plist */; };
		4DB0B6B81306026600B24E54 /* Post.m in Sources */ = {isa = PBXBuildFile; fileRef = 4DB0B6B71306026600B24E54 /* Post.m */; };
		4DC10CEB130879A000944A20 /* TestDataController.m in Sources */ = {isa = PBXBuildFile; fileRef = 4DC10CEA130879A000944A20 /* TestDataController.m */; };
		4DC10D0713089B9400944A20 /* DataController.m in Sources */ = {isa = PBXBuildFile; fileRef = 4D8D406A130455490033E9E7 /* DataController.m */; };
		4DC10D1E13089CE000944A20 /* CoreData.framework in Frameworks */ = {isa = PBXBuildFile; fileRef = 28860BE40F44EE6400985440 /* CoreData.framework */; };
		4DC10D2713089CFF00944A20 /* Post.m in Sources */ = {isa = PBXBuildFile; fileRef = 4DB0B6B71306026600B24E54 /* Post.m */; };
		4DC10D5113093EA700944A20 /* Newsgroup.xcdatamodeld in Sources */ = {isa = PBXBuildFile; fileRef = 28D3F201112F7DC200FD0661 /* Newsgroup.xcdatamodeld */; };
		4DC10FC3130B430900944A20 /* IndividualThreadView.m in Sources */ = {isa = PBXBuildFile; fileRef = 4DC10FC1130B430900944A20 /* IndividualThreadView.m */; };
		4DC2D97F134683F400EDB177 /* PostHistory.m in Sources */ = {isa = PBXBuildFile; fileRef = 4DC2D97E134683F400EDB177 /* PostHistory.m */; };
		4DC2D9821346B3E200EDB177 /* PostHistoryViewController.m in Sources */ = {isa = PBXBuildFile; fileRef = 4DC2D9811346B3E200EDB177 /* PostHistoryViewController.m */; };
		4DC2D9841346B5AB00EDB177 /* history.png in Resources */ = {isa = PBXBuildFile; fileRef = 4DC2D9831346B5AB00EDB177 /* history.png */; };
		4DC2D9851346BE1600EDB177 /* PostHistory.m in Sources */ = {isa = PBXBuildFile; fileRef = 4DC2D97E134683F400EDB177 /* PostHistory.m */; };
		4DE98DFF1316C4780060B34F /* TestPostLoadOperation.m in Sources */ = {isa = PBXBuildFile; fileRef = 4DE98DFE1316C4780060B34F /* TestPostLoadOperation.m */; };
		4DE98E88131C67A70060B34F /* TestAPI.m in Sources */ = {isa = PBXBuildFile; fileRef = 4DE98E87131C67A70060B34F /* TestAPI.m */; };
		4DE98E89131C7BEC0060B34F /* NSString+Digest.m in Sources */ = {isa = PBXBuildFile; fileRef = 296BEB66131048C20026BF42 /* NSString+Digest.m */; };
		4DE98E8C131D00220060B34F /* GTMBase64.m in Sources */ = {isa = PBXBuildFile; fileRef = 4DE98E8B131D00220060B34F /* GTMBase64.m */; };
		4DE98E8D131D00220060B34F /* GTMBase64.m in Sources */ = {isa = PBXBuildFile; fileRef = 4DE98E8B131D00220060B34F /* GTMBase64.m */; };
		4DE98E90131D0B670060B34F /* login.plist in Resources */ = {isa = PBXBuildFile; fileRef = 4DE98E8F131D0B670060B34F /* login.plist */; };
		4DE9D7D913311C2400475E8C /* NewPostViewController.m in Sources */ = {isa = PBXBuildFile; fileRef = 4DE9D7D813311C2400475E8C /* NewPostViewController.m */; };
		4DE9D7DB13311C3D00475E8C /* NewPostView.xib in Resources */ = {isa = PBXBuildFile; fileRef = 4DE9D7DA13311C3D00475E8C /* NewPostView.xib */; };
		4DE9D855133C061300475E8C /* LoginPasswordView.xib in Resources */ = {isa = PBXBuildFile; fileRef = 4DE9D854133C061200475E8C /* LoginPasswordView.xib */; };
		4DE9D858133C064D00475E8C /* LoginPasswordViewController.m in Sources */ = {isa = PBXBuildFile; fileRef = 4DE9D857133C064600475E8C /* LoginPasswordViewController.m */; };
		4DEC6AD7131579C30021EAAA /* ASIAuthenticationDialog.m in Sources */ = {isa = PBXBuildFile; fileRef = 4DEC6AC4131579C30021EAAA /* ASIAuthenticationDialog.m */; };
		4DEC6AD8131579C30021EAAA /* ASIAuthenticationDialog.m in Sources */ = {isa = PBXBuildFile; fileRef = 4DEC6AC4131579C30021EAAA /* ASIAuthenticationDialog.m */; };
		4DEC6AD9131579C30021EAAA /* ASIDataCompressor.m in Sources */ = {isa = PBXBuildFile; fileRef = 4DEC6AC7131579C30021EAAA /* ASIDataCompressor.m */; };
		4DEC6ADA131579C30021EAAA /* ASIDataCompressor.m in Sources */ = {isa = PBXBuildFile; fileRef = 4DEC6AC7131579C30021EAAA /* ASIDataCompressor.m */; };
		4DEC6ADB131579C30021EAAA /* ASIDataDecompressor.m in Sources */ = {isa = PBXBuildFile; fileRef = 4DEC6AC9131579C30021EAAA /* ASIDataDecompressor.m */; };
		4DEC6ADC131579C30021EAAA /* ASIDataDecompressor.m in Sources */ = {isa = PBXBuildFile; fileRef = 4DEC6AC9131579C30021EAAA /* ASIDataDecompressor.m */; };
		4DEC6ADD131579C30021EAAA /* ASIDownloadCache.m in Sources */ = {isa = PBXBuildFile; fileRef = 4DEC6ACB131579C30021EAAA /* ASIDownloadCache.m */; };
		4DEC6ADE131579C30021EAAA /* ASIDownloadCache.m in Sources */ = {isa = PBXBuildFile; fileRef = 4DEC6ACB131579C30021EAAA /* ASIDownloadCache.m */; };
		4DEC6ADF131579C30021EAAA /* ASIFormDataRequest.m in Sources */ = {isa = PBXBuildFile; fileRef = 4DEC6ACD131579C30021EAAA /* ASIFormDataRequest.m */; };
		4DEC6AE0131579C30021EAAA /* ASIFormDataRequest.m in Sources */ = {isa = PBXBuildFile; fileRef = 4DEC6ACD131579C30021EAAA /* ASIFormDataRequest.m */; };
		4DEC6AE1131579C30021EAAA /* ASIHTTPRequest.m in Sources */ = {isa = PBXBuildFile; fileRef = 4DEC6ACF131579C30021EAAA /* ASIHTTPRequest.m */; };
		4DEC6AE2131579C30021EAAA /* ASIHTTPRequest.m in Sources */ = {isa = PBXBuildFile; fileRef = 4DEC6ACF131579C30021EAAA /* ASIHTTPRequest.m */; };
		4DEC6AE3131579C30021EAAA /* ASIInputStream.m in Sources */ = {isa = PBXBuildFile; fileRef = 4DEC6AD3131579C30021EAAA /* ASIInputStream.m */; };
		4DEC6AE4131579C30021EAAA /* ASIInputStream.m in Sources */ = {isa = PBXBuildFile; fileRef = 4DEC6AD3131579C30021EAAA /* ASIInputStream.m */; };
		4DEC6AE5131579C30021EAAA /* ASINetworkQueue.m in Sources */ = {isa = PBXBuildFile; fileRef = 4DEC6AD5131579C30021EAAA /* ASINetworkQueue.m */; };
		4DEC6AE6131579C30021EAAA /* ASINetworkQueue.m in Sources */ = {isa = PBXBuildFile; fileRef = 4DEC6AD5131579C30021EAAA /* ASINetworkQueue.m */; };
		4DEC6AEB13157ADA0021EAAA /* Reachability.m in Sources */ = {isa = PBXBuildFile; fileRef = 4DEC6AEA13157ADA0021EAAA /* Reachability.m */; };
		4DEC6AEC13157ADA0021EAAA /* Reachability.m in Sources */ = {isa = PBXBuildFile; fileRef = 4DEC6AEA13157ADA0021EAAA /* Reachability.m */; };
		4DEC6AEE1315E6A60021EAAA /* CFNetwork.framework in Frameworks */ = {isa = PBXBuildFile; fileRef = 4DEC6AED1315E6A60021EAAA /* CFNetwork.framework */; };
		4DEC6AF01315E6B10021EAAA /* SystemConfiguration.framework in Frameworks */ = {isa = PBXBuildFile; fileRef = 4DEC6AEF1315E6B10021EAAA /* SystemConfiguration.framework */; };
		4DEC6AF21315E6BB0021EAAA /* MobileCoreServices.framework in Frameworks */ = {isa = PBXBuildFile; fileRef = 4DEC6AF11315E6BB0021EAAA /* MobileCoreServices.framework */; };
		4DEC6AF51315E6D40021EAAA /* libz.1.2.3.dylib in Frameworks */ = {isa = PBXBuildFile; fileRef = 4DEC6AF41315E6D40021EAAA /* libz.1.2.3.dylib */; };
		4DEC6AF61315E9660021EAAA /* libz.1.2.3.dylib in Frameworks */ = {isa = PBXBuildFile; fileRef = 4DEC6AF41315E6D40021EAAA /* libz.1.2.3.dylib */; };
		4DEC6AF71315E96C0021EAAA /* MobileCoreServices.framework in Frameworks */ = {isa = PBXBuildFile; fileRef = 4DEC6AF11315E6BB0021EAAA /* MobileCoreServices.framework */; };
		4DEC6AF81315E96E0021EAAA /* SystemConfiguration.framework in Frameworks */ = {isa = PBXBuildFile; fileRef = 4DEC6AEF1315E6B10021EAAA /* SystemConfiguration.framework */; };
		4DEC6AF91315E9710021EAAA /* CFNetwork.framework in Frameworks */ = {isa = PBXBuildFile; fileRef = 4DEC6AED1315E6A60021EAAA /* CFNetwork.framework */; };
		4DF2D27B13083D9500C8AB3A /* GHUnitIOS.framework in Frameworks */ = {isa = PBXBuildFile; fileRef = 4DF2D25B13083D7100C8AB3A /* GHUnitIOS.framework */; };
		4DF2D27C13083DB600C8AB3A /* CoreGraphics.framework in Frameworks */ = {isa = PBXBuildFile; fileRef = 2892E40F0DC94CBA00A64D0F /* CoreGraphics.framework */; };
		4DF2D27D13083DB600C8AB3A /* Foundation.framework in Frameworks */ = {isa = PBXBuildFile; fileRef = 1D30AB110D05D00D00671497 /* Foundation.framework */; };
		4DF2D27E13083DB600C8AB3A /* UIKit.framework in Frameworks */ = {isa = PBXBuildFile; fileRef = 1DF5F4DF0D08C38300B7A737 /* UIKit.framework */; };
		4DF2D29313083EF600C8AB3A /* GHUnitIOSTestMain.m in Sources */ = {isa = PBXBuildFile; fileRef = 4DF2D29213083EF600C8AB3A /* GHUnitIOSTestMain.m */; };
		4DF61C47131DB00600B378E4 /* TestUser.plist in Resources */ = {isa = PBXBuildFile; fileRef = 4DF61C46131DB00600B378E4 /* TestUser.plist */; };
/* End PBXBuildFile section */

/* Begin PBXFileReference section */
		1D30AB110D05D00D00671497 /* Foundation.framework */ = {isa = PBXFileReference; lastKnownFileType = wrapper.framework; name = Foundation.framework; path = System/Library/Frameworks/Foundation.framework; sourceTree = SDKROOT; };
		1D3623240D0F684500981E51 /* NewsgroupAppDelegate.h */ = {isa = PBXFileReference; fileEncoding = 4; lastKnownFileType = sourcecode.c.h; path = NewsgroupAppDelegate.h; sourceTree = "<group>"; };
		1D3623250D0F684500981E51 /* NewsgroupAppDelegate.m */ = {isa = PBXFileReference; fileEncoding = 4; lastKnownFileType = sourcecode.c.objc; lineEnding = 0; path = NewsgroupAppDelegate.m; sourceTree = "<group>"; xcLanguageSpecificationIdentifier = xcode.lang.objc; };
		1D6058910D05DD3D006BFB54 /* newsgroup.app */ = {isa = PBXFileReference; explicitFileType = wrapper.application; includeInIndex = 0; path = newsgroup.app; sourceTree = BUILT_PRODUCTS_DIR; };
		1DF5F4DF0D08C38300B7A737 /* UIKit.framework */ = {isa = PBXFileReference; lastKnownFileType = wrapper.framework; name = UIKit.framework; path = System/Library/Frameworks/UIKit.framework; sourceTree = SDKROOT; };
		28860B760F44E54D00985440 /* Newsgroup.xcdatamodel */ = {isa = PBXFileReference; fileEncoding = 4; lastKnownFileType = wrapper.xcdatamodel; path = Newsgroup.xcdatamodel; sourceTree = "<group>"; };
		28860BE40F44EE6400985440 /* CoreData.framework */ = {isa = PBXFileReference; lastKnownFileType = wrapper.framework; name = CoreData.framework; path = System/Library/Frameworks/CoreData.framework; sourceTree = SDKROOT; };
		2892E40F0DC94CBA00A64D0F /* CoreGraphics.framework */ = {isa = PBXFileReference; lastKnownFileType = wrapper.framework; name = CoreGraphics.framework; path = System/Library/Frameworks/CoreGraphics.framework; sourceTree = SDKROOT; };
		2899E55F0DE3E45000AC0155 /* MainThreadView.xib */ = {isa = PBXFileReference; lastKnownFileType = file.xib; name = MainThreadView.xib; path = Resources/MainThreadView.xib; sourceTree = "<group>"; };
		28A0AAE50D9B0CCF005BE974 /* Newsgroup_Prefix.pch */ = {isa = PBXFileReference; fileEncoding = 4; lastKnownFileType = sourcecode.c.h; path = Newsgroup_Prefix.pch; sourceTree = "<group>"; };
		28AD735F0D9D9599002E5188 /* MainWindow.xib */ = {isa = PBXFileReference; lastKnownFileType = file.xib; name = MainWindow.xib; path = Resources/MainWindow.xib; sourceTree = "<group>"; };
		28C286DF0D94DF7D0034E888 /* MainThreadView.h */ = {isa = PBXFileReference; fileEncoding = 4; lastKnownFileType = sourcecode.c.h; path = MainThreadView.h; sourceTree = "<group>"; };
		28C286E00D94DF7D0034E888 /* MainThreadView.m */ = {isa = PBXFileReference; fileEncoding = 4; lastKnownFileType = sourcecode.c.objc; path = MainThreadView.m; sourceTree = "<group>"; };
		292B99C613480A6800393669 /* Default.png */ = {isa = PBXFileReference; lastKnownFileType = image.png; name = Default.png; path = ../Default.png; sourceTree = "<group>"; };
		294E4395134D3A7B00BFE43B /* PostCell.xib */ = {isa = PBXFileReference; fileEncoding = 4; lastKnownFileType = file.xib; name = PostCell.xib; path = Resources/PostCell.xib; sourceTree = "<group>"; };
		294E4399134DCBFE00BFE43B /* TDBadgedCell.h */ = {isa = PBXFileReference; fileEncoding = 4; lastKnownFileType = sourcecode.c.h; name = TDBadgedCell.h; path = "TDBadgedCell/TDBadgedCell (xcode project)/TDBadgedCell.h"; sourceTree = "<group>"; };
		294E439A134DCBFE00BFE43B /* TDBadgedCell.m */ = {isa = PBXFileReference; fileEncoding = 4; lastKnownFileType = sourcecode.c.objc; name = TDBadgedCell.m; path = "TDBadgedCell/TDBadgedCell (xcode project)/TDBadgedCell.m"; sourceTree = "<group>"; };
		296BEB65131048C20026BF42 /* NSString+Digest.h */ = {isa = PBXFileReference; fileEncoding = 4; lastKnownFileType = sourcecode.c.h; name = "NSString+Digest.h"; path = "NSString_Digest/NSString+Digest.h"; sourceTree = "<group>"; };
		296BEB66131048C20026BF42 /* NSString+Digest.m */ = {isa = PBXFileReference; fileEncoding = 4; lastKnownFileType = sourcecode.c.objc; name = "NSString+Digest.m"; path = "NSString_Digest/NSString+Digest.m"; sourceTree = "<group>"; };
		29B97316FDCFA39411CA2CEA /* main.m */ = {isa = PBXFileReference; fileEncoding = 4; lastKnownFileType = sourcecode.c.objc; path = main.m; sourceTree = "<group>"; };
		4D0B8E641329C26C0081E772 /* post_body.html */ = {isa = PBXFileReference; fileEncoding = 4; lastKnownFileType = text.html; name = post_body.html; path = Resources/post_body.html; sourceTree = "<group>"; };
		4D1DD4B9133F7F2800A61679 /* DataControllerPrivate.h */ = {isa = PBXFileReference; fileEncoding = 4; lastKnownFileType = sourcecode.c.h; path = DataControllerPrivate.h; sourceTree = "<group>"; };
		4D1DD4BF133FA61300A61679 /* Icon.png */ = {isa = PBXFileReference; lastKnownFileType = image.png; path = Icon.png; sourceTree = "<group>"; };
		4D1DD4C1133FB28700A61679 /* readme.markdown */ = {isa = PBXFileReference; lastKnownFileType = text; path = readme.markdown; sourceTree = "<group>"; };
		4D41B3A5131F29410044171F /* Settings.bundle */ = {isa = PBXFileReference; lastKnownFileType = "wrapper.plug-in"; name = Settings.bundle; path = Resources/Settings.bundle; sourceTree = "<group>"; };
		4D41B3A8131F36BD0044171F /* DDAlertPrompt.h */ = {isa = PBXFileReference; fileEncoding = 4; lastKnownFileType = sourcecode.c.h; name = DDAlertPrompt.h; path = DDAlertPrompt/DDAlertPrompt.h; sourceTree = "<group>"; };
		4D41B3A9131F36BD0044171F /* DDAlertPrompt.m */ = {isa = PBXFileReference; fileEncoding = 4; lastKnownFileType = sourcecode.c.objc; name = DDAlertPrompt.m; path = DDAlertPrompt/DDAlertPrompt.m; sourceTree = "<group>"; };
		4D41B401132004730044171F /* newsgroup_posts_cleaned.plist */ = {isa = PBXFileReference; fileEncoding = 4; lastKnownFileType = text.plist.xml; name = newsgroup_posts_cleaned.plist; path = "Test Classes/newsgroup_posts_cleaned.plist"; sourceTree = "<group>"; };
		4D4CEC65132FC4E6009FDA84 /* RequestGenerator.h */ = {isa = PBXFileReference; fileEncoding = 4; lastKnownFileType = sourcecode.c.h; path = RequestGenerator.h; sourceTree = "<group>"; };
		4D4CEC66132FC4E7009FDA84 /* RequestGenerator.m */ = {isa = PBXFileReference; fileEncoding = 4; lastKnownFileType = sourcecode.c.objc; path = RequestGenerator.m; sourceTree = "<group>"; };
		4D4CEC69132FC600009FDA84 /* TestRequestGenerator.m */ = {isa = PBXFileReference; fileEncoding = 4; lastKnownFileType = sourcecode.c.objc; name = TestRequestGenerator.m; path = "Test Classes/TestRequestGenerator.m"; sourceTree = "<group>"; };
		4D54C9311327A9BA001D70C1 /* isRead.png */ = {isa = PBXFileReference; lastKnownFileType = image.png; path = isRead.png; sourceTree = "<group>"; };
		4D562014130847090008C9B5 /* libOCMock.a */ = {isa = PBXFileReference; lastKnownFileType = archive.ar; name = libOCMock.a; path = Frameworks/OCMock/libOCMock.a; sourceTree = "<group>"; };
		4D72F96713167AFA0027E478 /* JSON.h */ = {isa = PBXFileReference; fileEncoding = 4; lastKnownFileType = sourcecode.c.h; name = JSON.h; path = "json-framework/Classes/JSON.h"; sourceTree = "<group>"; };
		4D72F96813167AFA0027E478 /* NSObject+JSON.h */ = {isa = PBXFileReference; fileEncoding = 4; lastKnownFileType = sourcecode.c.h; name = "NSObject+JSON.h"; path = "json-framework/Classes/NSObject+JSON.h"; sourceTree = "<group>"; };
		4D72F96913167AFA0027E478 /* NSObject+JSON.m */ = {isa = PBXFileReference; fileEncoding = 4; lastKnownFileType = sourcecode.c.objc; name = "NSObject+JSON.m"; path = "json-framework/Classes/NSObject+JSON.m"; sourceTree = "<group>"; };
		4D72F96A13167AFA0027E478 /* SBJsonParser.h */ = {isa = PBXFileReference; fileEncoding = 4; lastKnownFileType = sourcecode.c.h; name = SBJsonParser.h; path = "json-framework/Classes/SBJsonParser.h"; sourceTree = "<group>"; };
		4D72F96B13167AFA0027E478 /* SBJsonParser.m */ = {isa = PBXFileReference; fileEncoding = 4; lastKnownFileType = sourcecode.c.objc; name = SBJsonParser.m; path = "json-framework/Classes/SBJsonParser.m"; sourceTree = "<group>"; };
		4D72F96C13167AFA0027E478 /* SBJsonStreamParser.h */ = {isa = PBXFileReference; fileEncoding = 4; lastKnownFileType = sourcecode.c.h; name = SBJsonStreamParser.h; path = "json-framework/Classes/SBJsonStreamParser.h"; sourceTree = "<group>"; };
		4D72F96D13167AFA0027E478 /* SBJsonStreamParser.m */ = {isa = PBXFileReference; fileEncoding = 4; lastKnownFileType = sourcecode.c.objc; name = SBJsonStreamParser.m; path = "json-framework/Classes/SBJsonStreamParser.m"; sourceTree = "<group>"; };
		4D72F96E13167AFA0027E478 /* SBJsonStreamParserAdapter.h */ = {isa = PBXFileReference; fileEncoding = 4; lastKnownFileType = sourcecode.c.h; name = SBJsonStreamParserAdapter.h; path = "json-framework/Classes/SBJsonStreamParserAdapter.h"; sourceTree = "<group>"; };
		4D72F96F13167AFA0027E478 /* SBJsonStreamParserAdapter.m */ = {isa = PBXFileReference; fileEncoding = 4; lastKnownFileType = sourcecode.c.objc; name = SBJsonStreamParserAdapter.m; path = "json-framework/Classes/SBJsonStreamParserAdapter.m"; sourceTree = "<group>"; };
		4D72F97013167AFA0027E478 /* SBJsonStreamParserState.h */ = {isa = PBXFileReference; fileEncoding = 4; lastKnownFileType = sourcecode.c.h; name = SBJsonStreamParserState.h; path = "json-framework/Classes/SBJsonStreamParserState.h"; sourceTree = "<group>"; };
		4D72F97113167AFA0027E478 /* SBJsonStreamParserState.m */ = {isa = PBXFileReference; fileEncoding = 4; lastKnownFileType = sourcecode.c.objc; name = SBJsonStreamParserState.m; path = "json-framework/Classes/SBJsonStreamParserState.m"; sourceTree = "<group>"; };
		4D72F97213167AFA0027E478 /* SBJsonStreamWriter.h */ = {isa = PBXFileReference; fileEncoding = 4; lastKnownFileType = sourcecode.c.h; name = SBJsonStreamWriter.h; path = "json-framework/Classes/SBJsonStreamWriter.h"; sourceTree = "<group>"; };
		4D72F97313167AFA0027E478 /* SBJsonStreamWriter.m */ = {isa = PBXFileReference; fileEncoding = 4; lastKnownFileType = sourcecode.c.objc; name = SBJsonStreamWriter.m; path = "json-framework/Classes/SBJsonStreamWriter.m"; sourceTree = "<group>"; };
		4D72F97413167AFA0027E478 /* SBJsonStreamWriterState.h */ = {isa = PBXFileReference; fileEncoding = 4; lastKnownFileType = sourcecode.c.h; name = SBJsonStreamWriterState.h; path = "json-framework/Classes/SBJsonStreamWriterState.h"; sourceTree = "<group>"; };
		4D72F97513167AFA0027E478 /* SBJsonStreamWriterState.m */ = {isa = PBXFileReference; fileEncoding = 4; lastKnownFileType = sourcecode.c.objc; name = SBJsonStreamWriterState.m; path = "json-framework/Classes/SBJsonStreamWriterState.m"; sourceTree = "<group>"; };
		4D72F97613167AFA0027E478 /* SBJsonTokeniser.h */ = {isa = PBXFileReference; fileEncoding = 4; lastKnownFileType = sourcecode.c.h; name = SBJsonTokeniser.h; path = "json-framework/Classes/SBJsonTokeniser.h"; sourceTree = "<group>"; };
		4D72F97713167AFA0027E478 /* SBJsonTokeniser.m */ = {isa = PBXFileReference; fileEncoding = 4; lastKnownFileType = sourcecode.c.objc; name = SBJsonTokeniser.m; path = "json-framework/Classes/SBJsonTokeniser.m"; sourceTree = "<group>"; };
		4D72F97813167AFA0027E478 /* SBJsonWriter.h */ = {isa = PBXFileReference; fileEncoding = 4; lastKnownFileType = sourcecode.c.h; name = SBJsonWriter.h; path = "json-framework/Classes/SBJsonWriter.h"; sourceTree = "<group>"; };
		4D72F97913167AFA0027E478 /* SBJsonWriter.m */ = {isa = PBXFileReference; fileEncoding = 4; lastKnownFileType = sourcecode.c.objc; name = SBJsonWriter.m; path = "json-framework/Classes/SBJsonWriter.m"; sourceTree = "<group>"; };
		4D72F98C13167E180027E478 /* PostLoadOperation.h */ = {isa = PBXFileReference; fileEncoding = 4; lastKnownFileType = sourcecode.c.h; path = PostLoadOperation.h; sourceTree = "<group>"; };
		4D72F98D13167E180027E478 /* PostLoadOperation.m */ = {isa = PBXFileReference; fileEncoding = 4; lastKnownFileType = sourcecode.c.objc; path = PostLoadOperation.m; sourceTree = "<group>"; };
		4D72F99013167EF90027E478 /* ASIHTTPRequest.h */ = {isa = PBXFileReference; fileEncoding = 4; lastKnownFileType = sourcecode.c.h; name = ASIHTTPRequest.h; path = "asi-http-request/Classes/ASIHTTPRequest.h"; sourceTree = "<group>"; };
		4D8D4069130455490033E9E7 /* DataController.h */ = {isa = PBXFileReference; fileEncoding = 4; lastKnownFileType = sourcecode.c.h; lineEnding = 0; path = DataController.h; sourceTree = "<group>"; xcLanguageSpecificationIdentifier = xcode.lang.objcpp; };
		4D8D406A130455490033E9E7 /* DataController.m */ = {isa = PBXFileReference; fileEncoding = 4; lastKnownFileType = sourcecode.c.objc; lineEnding = 0; path = DataController.m; sourceTree = "<group>"; xcLanguageSpecificationIdentifier = xcode.lang.objc; };
		4D9D4C78130B5C6100A34E8F /* FetchedResultsViewController.h */ = {isa = PBXFileReference; fileEncoding = 4; lastKnownFileType = sourcecode.c.h; path = FetchedResultsViewController.h; sourceTree = "<group>"; };
		4D9D4C79130B5C6100A34E8F /* FetchedResultsViewController.m */ = {isa = PBXFileReference; fileEncoding = 4; lastKnownFileType = sourcecode.c.objc; path = FetchedResultsViewController.m; sourceTree = "<group>"; };
		4D9D4C7D130B5D6800A34E8F /* FetchedResultsViewController+PrivateHeader.h */ = {isa = PBXFileReference; fileEncoding = 4; lastKnownFileType = sourcecode.c.h; path = "FetchedResultsViewController+PrivateHeader.h"; sourceTree = "<group>"; };
		4D9D4D26130CAA2600A34E8F /* HeaderView.xib */ = {isa = PBXFileReference; lastKnownFileType = file.xib; name = HeaderView.xib; path = Resources/HeaderView.xib; sourceTree = "<group>"; };
		4D9D4E24130E0DD800A34E8F /* ToolbarProgressView.h */ = {isa = PBXFileReference; fileEncoding = 4; lastKnownFileType = sourcecode.c.h; path = ToolbarProgressView.h; sourceTree = "<group>"; };
		4D9D4E25130E0DD800A34E8F /* ToolbarProgressView.m */ = {isa = PBXFileReference; fileEncoding = 4; lastKnownFileType = sourcecode.c.objc; path = ToolbarProgressView.m; sourceTree = "<group>"; };
		4D9D4E5C130E12BD00A34E8F /* ProgressView.xib */ = {isa = PBXFileReference; lastKnownFileType = file.xib; name = ProgressView.xib; path = Resources/ProgressView.xib; sourceTree = "<group>"; };
		4D9D4ECD130E993D00A34E8F /* NSDate+Helper.h */ = {isa = PBXFileReference; fileEncoding = 4; lastKnownFileType = sourcecode.c.h; name = "NSDate+Helper.h"; path = "nsdate-helper/NSDate+Helper.h"; sourceTree = "<group>"; };
		4D9D4ECE130E993D00A34E8F /* NSDate+Helper.m */ = {isa = PBXFileReference; fileEncoding = 4; lastKnownFileType = sourcecode.c.objc; name = "NSDate+Helper.m"; path = "nsdate-helper/NSDate+Helper.m"; sourceTree = "<group>"; };
		4DAE828E13463ABD00DCC159 /* AdHocDeployment.sh */ = {isa = PBXFileReference; lastKnownFileType = text.script.sh; path = AdHocDeployment.sh; sourceTree = "<group>"; };
		4DB0B61E1305C14600B24E54 /* TestData.plist */ = {isa = PBXFileReference; fileEncoding = 4; lastKnownFileType = text.plist.xml; path = TestData.plist; sourceTree = "<group>"; };
		4DB0B6B61306026600B24E54 /* Post.h */ = {isa = PBXFileReference; fileEncoding = 4; lastKnownFileType = sourcecode.c.h; path = Post.h; sourceTree = "<group>"; };
		4DB0B6B71306026600B24E54 /* Post.m */ = {isa = PBXFileReference; fileEncoding = 4; lastKnownFileType = sourcecode.c.objc; path = Post.m; sourceTree = "<group>"; };
		4DC10CEA130879A000944A20 /* TestDataController.m */ = {isa = PBXFileReference; fileEncoding = 4; lastKnownFileType = sourcecode.c.objc; lineEnding = 0; name = TestDataController.m; path = "Test Classes/TestDataController.m"; sourceTree = "<group>"; xcLanguageSpecificationIdentifier = xcode.lang.objc; };
		4DC10D1713089C8C00944A20 /* Tests_Prefix.pch */ = {isa = PBXFileReference; fileEncoding = 4; lastKnownFileType = sourcecode.c.h; name = Tests_Prefix.pch; path = "Test Classes/Tests_Prefix.pch"; sourceTree = "<group>"; };
		4DC10FC0130B430900944A20 /* IndividualThreadView.h */ = {isa = PBXFileReference; fileEncoding = 4; lastKnownFileType = sourcecode.c.h; path = IndividualThreadView.h; sourceTree = "<group>"; };
		4DC10FC1130B430900944A20 /* IndividualThreadView.m */ = {isa = PBXFileReference; fileEncoding = 4; lastKnownFileType = sourcecode.c.objc; path = IndividualThreadView.m; sourceTree = "<group>"; };
		4DC2D97613467E2500EDB177 /* Newsgroup 3.xcdatamodel */ = {isa = PBXFileReference; lastKnownFileType = wrapper.xcdatamodel; path = "Newsgroup 3.xcdatamodel"; sourceTree = "<group>"; };
		4DC2D97D134683F400EDB177 /* PostHistory.h */ = {isa = PBXFileReference; fileEncoding = 4; lastKnownFileType = sourcecode.c.h; path = PostHistory.h; sourceTree = "<group>"; };
		4DC2D97E134683F400EDB177 /* PostHistory.m */ = {isa = PBXFileReference; fileEncoding = 4; lastKnownFileType = sourcecode.c.objc; path = PostHistory.m; sourceTree = "<group>"; };
		4DC2D9801346B3E100EDB177 /* PostHistoryViewController.h */ = {isa = PBXFileReference; fileEncoding = 4; lastKnownFileType = sourcecode.c.h; path = PostHistoryViewController.h; sourceTree = "<group>"; };
		4DC2D9811346B3E200EDB177 /* PostHistoryViewController.m */ = {isa = PBXFileReference; fileEncoding = 4; lastKnownFileType = sourcecode.c.objc; path = PostHistoryViewController.m; sourceTree = "<group>"; };
		4DC2D9831346B5AB00EDB177 /* history.png */ = {isa = PBXFileReference; lastKnownFileType = image.png; path = history.png; sourceTree = "<group>"; };
		4DE98DFE1316C4780060B34F /* TestPostLoadOperation.m */ = {isa = PBXFileReference; fileEncoding = 4; lastKnownFileType = sourcecode.c.objc; name = TestPostLoadOperation.m; path = "Test Classes/TestPostLoadOperation.m"; sourceTree = "<group>"; };
		4DE98E87131C67A70060B34F /* TestAPI.m */ = {isa = PBXFileReference; fileEncoding = 4; lastKnownFileType = sourcecode.c.objc; name = TestAPI.m; path = "Test Classes/TestAPI.m"; sourceTree = "<group>"; };
		4DE98E8A131D00210060B34F /* GTMBase64.h */ = {isa = PBXFileReference; fileEncoding = 4; lastKnownFileType = sourcecode.c.h; name = GTMBase64.h; path = GTMBase64/GTMBase64.h; sourceTree = "<group>"; };
		4DE98E8B131D00220060B34F /* GTMBase64.m */ = {isa = PBXFileReference; fileEncoding = 4; lastKnownFileType = sourcecode.c.objc; name = GTMBase64.m; path = GTMBase64/GTMBase64.m; sourceTree = "<group>"; };
		4DE98E8F131D0B670060B34F /* login.plist */ = {isa = PBXFileReference; fileEncoding = 4; lastKnownFileType = text.plist.xml; name = login.plist; path = "Test Classes/login.plist"; sourceTree = "<group>"; };
		4DE9D7D713311C2400475E8C /* NewPostViewController.h */ = {isa = PBXFileReference; fileEncoding = 4; lastKnownFileType = sourcecode.c.h; path = NewPostViewController.h; sourceTree = "<group>"; };
		4DE9D7D813311C2400475E8C /* NewPostViewController.m */ = {isa = PBXFileReference; fileEncoding = 4; lastKnownFileType = sourcecode.c.objc; path = NewPostViewController.m; sourceTree = "<group>"; };
		4DE9D7DA13311C3D00475E8C /* NewPostView.xib */ = {isa = PBXFileReference; fileEncoding = 4; lastKnownFileType = file.xib; name = NewPostView.xib; path = Resources/NewPostView.xib; sourceTree = "<group>"; };
		4DE9D854133C061200475E8C /* LoginPasswordView.xib */ = {isa = PBXFileReference; fileEncoding = 4; lastKnownFileType = file.xib; name = LoginPasswordView.xib; path = Resources/LoginPasswordView.xib; sourceTree = "<group>"; };
		4DE9D856133C064300475E8C /* LoginPasswordViewController.h */ = {isa = PBXFileReference; fileEncoding = 4; lastKnownFileType = sourcecode.c.h; path = LoginPasswordViewController.h; sourceTree = "<group>"; };
		4DE9D857133C064600475E8C /* LoginPasswordViewController.m */ = {isa = PBXFileReference; fileEncoding = 4; lastKnownFileType = sourcecode.c.objc; path = LoginPasswordViewController.m; sourceTree = "<group>"; };
		4DE9D868133EC2D000475E8C /* Newsgroup 2.xcdatamodel */ = {isa = PBXFileReference; lastKnownFileType = wrapper.xcdatamodel; path = "Newsgroup 2.xcdatamodel"; sourceTree = "<group>"; };
		4DEC6AC3131579C30021EAAA /* ASIAuthenticationDialog.h */ = {isa = PBXFileReference; fileEncoding = 4; lastKnownFileType = sourcecode.c.h; name = ASIAuthenticationDialog.h; path = "asi-http-request/Classes/ASIAuthenticationDialog.h"; sourceTree = "<group>"; };
		4DEC6AC4131579C30021EAAA /* ASIAuthenticationDialog.m */ = {isa = PBXFileReference; fileEncoding = 4; lastKnownFileType = sourcecode.c.objc; name = ASIAuthenticationDialog.m; path = "asi-http-request/Classes/ASIAuthenticationDialog.m"; sourceTree = "<group>"; };
		4DEC6AC5131579C30021EAAA /* ASICacheDelegate.h */ = {isa = PBXFileReference; fileEncoding = 4; lastKnownFileType = sourcecode.c.h; name = ASICacheDelegate.h; path = "asi-http-request/Classes/ASICacheDelegate.h"; sourceTree = "<group>"; };
		4DEC6AC6131579C30021EAAA /* ASIDataCompressor.h */ = {isa = PBXFileReference; fileEncoding = 4; lastKnownFileType = sourcecode.c.h; name = ASIDataCompressor.h; path = "asi-http-request/Classes/ASIDataCompressor.h"; sourceTree = "<group>"; };
		4DEC6AC7131579C30021EAAA /* ASIDataCompressor.m */ = {isa = PBXFileReference; fileEncoding = 4; lastKnownFileType = sourcecode.c.objc; name = ASIDataCompressor.m; path = "asi-http-request/Classes/ASIDataCompressor.m"; sourceTree = "<group>"; };
		4DEC6AC8131579C30021EAAA /* ASIDataDecompressor.h */ = {isa = PBXFileReference; fileEncoding = 4; lastKnownFileType = sourcecode.c.h; name = ASIDataDecompressor.h; path = "asi-http-request/Classes/ASIDataDecompressor.h"; sourceTree = "<group>"; };
		4DEC6AC9131579C30021EAAA /* ASIDataDecompressor.m */ = {isa = PBXFileReference; fileEncoding = 4; lastKnownFileType = sourcecode.c.objc; name = ASIDataDecompressor.m; path = "asi-http-request/Classes/ASIDataDecompressor.m"; sourceTree = "<group>"; };
		4DEC6ACA131579C30021EAAA /* ASIDownloadCache.h */ = {isa = PBXFileReference; fileEncoding = 4; lastKnownFileType = sourcecode.c.h; name = ASIDownloadCache.h; path = "asi-http-request/Classes/ASIDownloadCache.h"; sourceTree = "<group>"; };
		4DEC6ACB131579C30021EAAA /* ASIDownloadCache.m */ = {isa = PBXFileReference; fileEncoding = 4; lastKnownFileType = sourcecode.c.objc; name = ASIDownloadCache.m; path = "asi-http-request/Classes/ASIDownloadCache.m"; sourceTree = "<group>"; };
		4DEC6ACC131579C30021EAAA /* ASIFormDataRequest.h */ = {isa = PBXFileReference; fileEncoding = 4; lastKnownFileType = sourcecode.c.h; name = ASIFormDataRequest.h; path = "asi-http-request/Classes/ASIFormDataRequest.h"; sourceTree = "<group>"; };
		4DEC6ACD131579C30021EAAA /* ASIFormDataRequest.m */ = {isa = PBXFileReference; fileEncoding = 4; lastKnownFileType = sourcecode.c.objc; name = ASIFormDataRequest.m; path = "asi-http-request/Classes/ASIFormDataRequest.m"; sourceTree = "<group>"; };
		4DEC6ACF131579C30021EAAA /* ASIHTTPRequest.m */ = {isa = PBXFileReference; fileEncoding = 4; lastKnownFileType = sourcecode.c.objc; name = ASIHTTPRequest.m; path = "asi-http-request/Classes/ASIHTTPRequest.m"; sourceTree = "<group>"; };
		4DEC6AD0131579C30021EAAA /* ASIHTTPRequestConfig.h */ = {isa = PBXFileReference; fileEncoding = 4; lastKnownFileType = sourcecode.c.h; name = ASIHTTPRequestConfig.h; path = "asi-http-request/Classes/ASIHTTPRequestConfig.h"; sourceTree = "<group>"; };
		4DEC6AD1131579C30021EAAA /* ASIHTTPRequestDelegate.h */ = {isa = PBXFileReference; fileEncoding = 4; lastKnownFileType = sourcecode.c.h; name = ASIHTTPRequestDelegate.h; path = "asi-http-request/Classes/ASIHTTPRequestDelegate.h"; sourceTree = "<group>"; };
		4DEC6AD2131579C30021EAAA /* ASIInputStream.h */ = {isa = PBXFileReference; fileEncoding = 4; lastKnownFileType = sourcecode.c.h; name = ASIInputStream.h; path = "asi-http-request/Classes/ASIInputStream.h"; sourceTree = "<group>"; };
		4DEC6AD3131579C30021EAAA /* ASIInputStream.m */ = {isa = PBXFileReference; fileEncoding = 4; lastKnownFileType = sourcecode.c.objc; name = ASIInputStream.m; path = "asi-http-request/Classes/ASIInputStream.m"; sourceTree = "<group>"; };
		4DEC6AD4131579C30021EAAA /* ASINetworkQueue.h */ = {isa = PBXFileReference; fileEncoding = 4; lastKnownFileType = sourcecode.c.h; name = ASINetworkQueue.h; path = "asi-http-request/Classes/ASINetworkQueue.h"; sourceTree = "<group>"; };
		4DEC6AD5131579C30021EAAA /* ASINetworkQueue.m */ = {isa = PBXFileReference; fileEncoding = 4; lastKnownFileType = sourcecode.c.objc; name = ASINetworkQueue.m; path = "asi-http-request/Classes/ASINetworkQueue.m"; sourceTree = "<group>"; };
		4DEC6AD6131579C30021EAAA /* ASIProgressDelegate.h */ = {isa = PBXFileReference; fileEncoding = 4; lastKnownFileType = sourcecode.c.h; name = ASIProgressDelegate.h; path = "asi-http-request/Classes/ASIProgressDelegate.h"; sourceTree = "<group>"; };
		4DEC6AE913157ADA0021EAAA /* Reachability.h */ = {isa = PBXFileReference; fileEncoding = 4; lastKnownFileType = sourcecode.c.h; path = Reachability.h; sourceTree = "<group>"; };
		4DEC6AEA13157ADA0021EAAA /* Reachability.m */ = {isa = PBXFileReference; fileEncoding = 4; lastKnownFileType = sourcecode.c.objc; path = Reachability.m; sourceTree = "<group>"; };
		4DEC6AED1315E6A60021EAAA /* CFNetwork.framework */ = {isa = PBXFileReference; lastKnownFileType = wrapper.framework; name = CFNetwork.framework; path = System/Library/Frameworks/CFNetwork.framework; sourceTree = SDKROOT; };
		4DEC6AEF1315E6B10021EAAA /* SystemConfiguration.framework */ = {isa = PBXFileReference; lastKnownFileType = wrapper.framework; name = SystemConfiguration.framework; path = System/Library/Frameworks/SystemConfiguration.framework; sourceTree = SDKROOT; };
		4DEC6AF11315E6BB0021EAAA /* MobileCoreServices.framework */ = {isa = PBXFileReference; lastKnownFileType = wrapper.framework; name = MobileCoreServices.framework; path = System/Library/Frameworks/MobileCoreServices.framework; sourceTree = SDKROOT; };
		4DEC6AF41315E6D40021EAAA /* libz.1.2.3.dylib */ = {isa = PBXFileReference; lastKnownFileType = "compiled.mach-o.dylib"; name = libz.1.2.3.dylib; path = usr/lib/libz.1.2.3.dylib; sourceTree = SDKROOT; };
		4DF2D25413083D3300C8AB3A /* Tests.app */ = {isa = PBXFileReference; explicitFileType = wrapper.application; includeInIndex = 0; path = Tests.app; sourceTree = BUILT_PRODUCTS_DIR; };
		4DF2D25B13083D7100C8AB3A /* GHUnitIOS.framework */ = {isa = PBXFileReference; lastKnownFileType = wrapper.framework; name = GHUnitIOS.framework; path = Frameworks/GHUnitIOS.framework; sourceTree = "<group>"; };
		4DF2D29013083E9D00C8AB3A /* Tests-Info.plist */ = {isa = PBXFileReference; fileEncoding = 4; lastKnownFileType = text.plist.xml; name = "Tests-Info.plist"; path = "Test Classes/Tests-Info.plist"; sourceTree = "<group>"; };
		4DF2D29213083EF600C8AB3A /* GHUnitIOSTestMain.m */ = {isa = PBXFileReference; fileEncoding = 4; lastKnownFileType = sourcecode.c.objc; name = GHUnitIOSTestMain.m; path = "Test Classes/GHUnitIOSTestMain.m"; sourceTree = "<group>"; };
		4DF2D2B8130846DF00C8AB3A /* NSNotificationCenter+OCMAdditions.h */ = {isa = PBXFileReference; fileEncoding = 4; lastKnownFileType = sourcecode.c.h; name = "NSNotificationCenter+OCMAdditions.h"; path = "Frameworks/OCMock/Headers/OCMock/NSNotificationCenter+OCMAdditions.h"; sourceTree = "<group>"; };
		4DF2D2B9130846DF00C8AB3A /* OCMArg.h */ = {isa = PBXFileReference; fileEncoding = 4; lastKnownFileType = sourcecode.c.h; name = OCMArg.h; path = Frameworks/OCMock/Headers/OCMock/OCMArg.h; sourceTree = "<group>"; };
		4DF2D2BA130846DF00C8AB3A /* OCMConstraint.h */ = {isa = PBXFileReference; fileEncoding = 4; lastKnownFileType = sourcecode.c.h; name = OCMConstraint.h; path = Frameworks/OCMock/Headers/OCMock/OCMConstraint.h; sourceTree = "<group>"; };
		4DF2D2BB130846DF00C8AB3A /* OCMock.h */ = {isa = PBXFileReference; fileEncoding = 4; lastKnownFileType = sourcecode.c.h; name = OCMock.h; path = Frameworks/OCMock/Headers/OCMock/OCMock.h; sourceTree = "<group>"; };
		4DF2D2BC130846DF00C8AB3A /* OCMockObject.h */ = {isa = PBXFileReference; fileEncoding = 4; lastKnownFileType = sourcecode.c.h; name = OCMockObject.h; path = Frameworks/OCMock/Headers/OCMock/OCMockObject.h; sourceTree = "<group>"; };
		4DF2D2BD130846DF00C8AB3A /* OCMockRecorder.h */ = {isa = PBXFileReference; fileEncoding = 4; lastKnownFileType = sourcecode.c.h; name = OCMockRecorder.h; path = Frameworks/OCMock/Headers/OCMock/OCMockRecorder.h; sourceTree = "<group>"; };
		4DF61C46131DB00600B378E4 /* TestUser.plist */ = {isa = PBXFileReference; fileEncoding = 4; lastKnownFileType = text.plist.xml; name = TestUser.plist; path = "Test Classes/TestUser.plist"; sourceTree = "<group>"; };
		4DF61C48131F228D00B378E4 /* JKConstants.h */ = {isa = PBXFileReference; fileEncoding = 4; lastKnownFileType = sourcecode.c.h; path = JKConstants.h; sourceTree = "<group>"; };
		8D1107310486CEB800E47090 /* Newsgroup-Info.plist */ = {isa = PBXFileReference; fileEncoding = 4; lastKnownFileType = text.plist.xml; path = "Newsgroup-Info.plist"; plistStructureDefinitionIdentifier = "com.apple.xcode.plist.structure-definition.iphone.info-plist"; sourceTree = "<group>"; };
/* End PBXFileReference section */

/* Begin PBXFrameworksBuildPhase section */
		1D60588F0D05DD3D006BFB54 /* Frameworks */ = {
			isa = PBXFrameworksBuildPhase;
			buildActionMask = 2147483647;
			files = (
				4DEC6AF51315E6D40021EAAA /* libz.1.2.3.dylib in Frameworks */,
				2892E4100DC94CBA00A64D0F /* CoreGraphics.framework in Frameworks */,
				4DEC6AF21315E6BB0021EAAA /* MobileCoreServices.framework in Frameworks */,
				4DEC6AF01315E6B10021EAAA /* SystemConfiguration.framework in Frameworks */,
				4DEC6AEE1315E6A60021EAAA /* CFNetwork.framework in Frameworks */,
				1D60589F0D05DD5A006BFB54 /* Foundation.framework in Frameworks */,
				1DF5F4E00D08C38300B7A737 /* UIKit.framework in Frameworks */,
				28860BE50F44EE6400985440 /* CoreData.framework in Frameworks */,
			);
			runOnlyForDeploymentPostprocessing = 0;
		};
		4DF2D25213083D3300C8AB3A /* Frameworks */ = {
			isa = PBXFrameworksBuildPhase;
			buildActionMask = 2147483647;
			files = (
				4DC10D1E13089CE000944A20 /* CoreData.framework in Frameworks */,
				4DF2D27B13083D9500C8AB3A /* GHUnitIOS.framework in Frameworks */,
				4DF2D27D13083DB600C8AB3A /* Foundation.framework in Frameworks */,
				4DF2D27C13083DB600C8AB3A /* CoreGraphics.framework in Frameworks */,
				4DEC6AF61315E9660021EAAA /* libz.1.2.3.dylib in Frameworks */,
				4DEC6AF91315E9710021EAAA /* CFNetwork.framework in Frameworks */,
				4DEC6AF81315E96E0021EAAA /* SystemConfiguration.framework in Frameworks */,
				4DEC6AF71315E96C0021EAAA /* MobileCoreServices.framework in Frameworks */,
				4DF2D27E13083DB600C8AB3A /* UIKit.framework in Frameworks */,
				4D562015130847090008C9B5 /* libOCMock.a in Frameworks */,
			);
			runOnlyForDeploymentPostprocessing = 0;
		};
/* End PBXFrameworksBuildPhase section */

/* Begin PBXGroup section */
		080E96DDFE201D6D7F000001 /* Classes */ = {
			isa = PBXGroup;
			children = (
				4DF61C48131F228D00B378E4 /* JKConstants.h */,
				1D3623240D0F684500981E51 /* NewsgroupAppDelegate.h */,
				1D3623250D0F684500981E51 /* NewsgroupAppDelegate.m */,
				4D9D4F12130EA05E00A34E8F /* View Controller Classes */,
				4D9D4F15130EA07900A34E8F /* View Classes */,
				4D9D4F0F130EA04500A34E8F /* Data Classes */,
			);
			path = Classes;
			sourceTree = "<group>";
		};
		19C28FACFE9D520D11CA2CBB /* Products */ = {
			isa = PBXGroup;
			children = (
				1D6058910D05DD3D006BFB54 /* newsgroup.app */,
				4DF2D25413083D3300C8AB3A /* Tests.app */,
			);
			name = Products;
			sourceTree = "<group>";
		};
		294E4398134DCB8E00BFE43B /* TDBadgedCell */ = {
			isa = PBXGroup;
			children = (
				294E4399134DCBFE00BFE43B /* TDBadgedCell.h */,
				294E439A134DCBFE00BFE43B /* TDBadgedCell.m */,
			);
			name = TDBadgedCell;
			sourceTree = "<group>";
		};
		296BEB60131048A90026BF42 /* NSString_Digest */ = {
			isa = PBXGroup;
			children = (
				296BEB65131048C20026BF42 /* NSString+Digest.h */,
				296BEB66131048C20026BF42 /* NSString+Digest.m */,
			);
			name = NSString_Digest;
			sourceTree = "<group>";
		};
		29B97314FDCFA39411CA2CEA /* CustomTemplate */ = {
			isa = PBXGroup;
			children = (
				4DAE828E13463ABD00DCC159 /* AdHocDeployment.sh */,
				4D1DD4C1133FB28700A61679 /* readme.markdown */,
				080E96DDFE201D6D7F000001 /* Classes */,
				29B97317FDCFA39411CA2CEA /* Resources */,
				4DF2D28213083E2F00C8AB3A /* Tests */,
				29B97315FDCFA39411CA2CEA /* Other Sources */,
				29B97323FDCFA39411CA2CEA /* Frameworks */,
				19C28FACFE9D520D11CA2CBB /* Products */,
				4DE9D7E51339F5CB00475E8C /* Scripts */,
			);
			name = CustomTemplate;
			sourceTree = "<group>";
		};
		29B97315FDCFA39411CA2CEA /* Other Sources */ = {
			isa = PBXGroup;
			children = (
				294E4398134DCB8E00BFE43B /* TDBadgedCell */,
				4D41B3A7131F36A20044171F /* DDAlertPrompt */,
				4D72F96613167AC70027E478 /* json-framework */,
				4DEC6AC2131579810021EAAA /* ASIHTTPRequest */,
				4DF2D2B71308461700C8AB3A /* OCMock */,
				4D9D4ECB130E992C00A34E8F /* NSDate-Helper */,
				296BEB60131048A90026BF42 /* NSString_Digest */,
				28A0AAE50D9B0CCF005BE974 /* Newsgroup_Prefix.pch */,
				29B97316FDCFA39411CA2CEA /* main.m */,
				4DE98E8E131D01860060B34F /* Base64 */,
			);
			name = "Other Sources";
			sourceTree = "<group>";
		};
		29B97317FDCFA39411CA2CEA /* Resources */ = {
			isa = PBXGroup;
			children = (
				4D1DD4BF133FA61300A61679 /* Icon.png */,
				4D0B8E641329C26C0081E772 /* post_body.html */,
				4D54C9301327A9BA001D70C1 /* Image Resources */,
				28AD735F0D9D9599002E5188 /* MainWindow.xib */,
				2899E55F0DE3E45000AC0155 /* MainThreadView.xib */,
				4D9D4D26130CAA2600A34E8F /* HeaderView.xib */,
				4D9D4E5C130E12BD00A34E8F /* ProgressView.xib */,
				4DE9D7DA13311C3D00475E8C /* NewPostView.xib */,
				4DE9D854133C061200475E8C /* LoginPasswordView.xib */,
				294E4395134D3A7B00BFE43B /* PostCell.xib */,
				28D3F201112F7DC200FD0661 /* Newsgroup.xcdatamodeld */,
				8D1107310486CEB800E47090 /* Newsgroup-Info.plist */,
				4D41B3A5131F29410044171F /* Settings.bundle */,
			);
			name = Resources;
			sourceTree = "<group>";
		};
		29B97323FDCFA39411CA2CEA /* Frameworks */ = {
			isa = PBXGroup;
			children = (
				4DEC6AF41315E6D40021EAAA /* libz.1.2.3.dylib */,
				4DEC6AF11315E6BB0021EAAA /* MobileCoreServices.framework */,
				4DEC6AEF1315E6B10021EAAA /* SystemConfiguration.framework */,
				4DEC6AED1315E6A60021EAAA /* CFNetwork.framework */,
				4D562014130847090008C9B5 /* libOCMock.a */,
				1DF5F4DF0D08C38300B7A737 /* UIKit.framework */,
				1D30AB110D05D00D00671497 /* Foundation.framework */,
				2892E40F0DC94CBA00A64D0F /* CoreGraphics.framework */,
				28860BE40F44EE6400985440 /* CoreData.framework */,
				4DF2D25B13083D7100C8AB3A /* GHUnitIOS.framework */,
			);
			name = Frameworks;
			sourceTree = "<group>";
		};
		4D41B3A7131F36A20044171F /* DDAlertPrompt */ = {
			isa = PBXGroup;
			children = (
				4D41B3A8131F36BD0044171F /* DDAlertPrompt.h */,
				4D41B3A9131F36BD0044171F /* DDAlertPrompt.m */,
			);
			name = DDAlertPrompt;
			sourceTree = "<group>";
		};
		4D54C9301327A9BA001D70C1 /* Image Resources */ = {
			isa = PBXGroup;
			children = (
				292B99C613480A6800393669 /* Default.png */,
				4DC2D9831346B5AB00EDB177 /* history.png */,
				4D54C9311327A9BA001D70C1 /* isRead.png */,
			);
			path = "Image Resources";
			sourceTree = "<group>";
		};
		4D72F96613167AC70027E478 /* json-framework */ = {
			isa = PBXGroup;
			children = (
				4D72F96713167AFA0027E478 /* JSON.h */,
				4D72F96813167AFA0027E478 /* NSObject+JSON.h */,
				4D72F96913167AFA0027E478 /* NSObject+JSON.m */,
				4D72F96A13167AFA0027E478 /* SBJsonParser.h */,
				4D72F96B13167AFA0027E478 /* SBJsonParser.m */,
				4D72F96C13167AFA0027E478 /* SBJsonStreamParser.h */,
				4D72F96D13167AFA0027E478 /* SBJsonStreamParser.m */,
				4D72F96E13167AFA0027E478 /* SBJsonStreamParserAdapter.h */,
				4D72F96F13167AFA0027E478 /* SBJsonStreamParserAdapter.m */,
				4D72F97013167AFA0027E478 /* SBJsonStreamParserState.h */,
				4D72F97113167AFA0027E478 /* SBJsonStreamParserState.m */,
				4D72F97213167AFA0027E478 /* SBJsonStreamWriter.h */,
				4D72F97313167AFA0027E478 /* SBJsonStreamWriter.m */,
				4D72F97413167AFA0027E478 /* SBJsonStreamWriterState.h */,
				4D72F97513167AFA0027E478 /* SBJsonStreamWriterState.m */,
				4D72F97613167AFA0027E478 /* SBJsonTokeniser.h */,
				4D72F97713167AFA0027E478 /* SBJsonTokeniser.m */,
				4D72F97813167AFA0027E478 /* SBJsonWriter.h */,
				4D72F97913167AFA0027E478 /* SBJsonWriter.m */,
			);
			name = "json-framework";
			sourceTree = "<group>";
		};
		4D9D4ECB130E992C00A34E8F /* NSDate-Helper */ = {
			isa = PBXGroup;
			children = (
				4D9D4ECD130E993D00A34E8F /* NSDate+Helper.h */,
				4D9D4ECE130E993D00A34E8F /* NSDate+Helper.m */,
			);
			name = "NSDate-Helper";
			sourceTree = "<group>";
		};
		4D9D4F0F130EA04500A34E8F /* Data Classes */ = {
			isa = PBXGroup;
			children = (
				4D8D4069130455490033E9E7 /* DataController.h */,
				4D8D406A130455490033E9E7 /* DataController.m */,
				4D1DD4B9133F7F2800A61679 /* DataControllerPrivate.h */,
				4DB0B6B61306026600B24E54 /* Post.h */,
				4DB0B6B71306026600B24E54 /* Post.m */,
				4DC2D97D134683F400EDB177 /* PostHistory.h */,
				4DC2D97E134683F400EDB177 /* PostHistory.m */,
				4D72F98C13167E180027E478 /* PostLoadOperation.h */,
				4D72F98D13167E180027E478 /* PostLoadOperation.m */,
				4D4CEC65132FC4E6009FDA84 /* RequestGenerator.h */,
				4D4CEC66132FC4E7009FDA84 /* RequestGenerator.m */,
			);
			name = "Data Classes";
			sourceTree = "<group>";
		};
		4D9D4F12130EA05E00A34E8F /* View Controller Classes */ = {
			isa = PBXGroup;
			children = (
				28C286DF0D94DF7D0034E888 /* MainThreadView.h */,
				28C286E00D94DF7D0034E888 /* MainThreadView.m */,
				4DC10FC0130B430900944A20 /* IndividualThreadView.h */,
				4DC10FC1130B430900944A20 /* IndividualThreadView.m */,
				4D9D4C7D130B5D6800A34E8F /* FetchedResultsViewController+PrivateHeader.h */,
				4D9D4C78130B5C6100A34E8F /* FetchedResultsViewController.h */,
				4D9D4C79130B5C6100A34E8F /* FetchedResultsViewController.m */,
				4DC2D9801346B3E100EDB177 /* PostHistoryViewController.h */,
				4DC2D9811346B3E200EDB177 /* PostHistoryViewController.m */,
				4DE9D7D713311C2400475E8C /* NewPostViewController.h */,
				4DE9D7D813311C2400475E8C /* NewPostViewController.m */,
				4DE9D856133C064300475E8C /* LoginPasswordViewController.h */,
				4DE9D857133C064600475E8C /* LoginPasswordViewController.m */,
			);
			name = "View Controller Classes";
			sourceTree = "<group>";
		};
		4D9D4F15130EA07900A34E8F /* View Classes */ = {
			isa = PBXGroup;
			children = (
				4D9D4E24130E0DD800A34E8F /* ToolbarProgressView.h */,
				4D9D4E25130E0DD800A34E8F /* ToolbarProgressView.m */,
			);
			name = "View Classes";
			sourceTree = "<group>";
		};
		4DE98E851317CD1D0060B34F /* Supporting Files */ = {
			isa = PBXGroup;
			children = (
				4DB0B61E1305C14600B24E54 /* TestData.plist */,
				4D41B401132004730044171F /* newsgroup_posts_cleaned.plist */,
				4DC10D1713089C8C00944A20 /* Tests_Prefix.pch */,
				4DF2D29013083E9D00C8AB3A /* Tests-Info.plist */,
				4DF2D29213083EF600C8AB3A /* GHUnitIOSTestMain.m */,
				4DE98E8F131D0B670060B34F /* login.plist */,
				4DF61C46131DB00600B378E4 /* TestUser.plist */,
			);
			name = "Supporting Files";
			sourceTree = "<group>";
		};
		4DE98E8E131D01860060B34F /* Base64 */ = {
			isa = PBXGroup;
			children = (
				4DE98E8A131D00210060B34F /* GTMBase64.h */,
				4DE98E8B131D00220060B34F /* GTMBase64.m */,
			);
			name = Base64;
			sourceTree = "<group>";
		};
		4DE9D7E51339F5CB00475E8C /* Scripts */ = {
			isa = PBXGroup;
			children = (
			);
			name = Scripts;
			sourceTree = "<group>";
		};
		4DEC6AC2131579810021EAAA /* ASIHTTPRequest */ = {
			isa = PBXGroup;
			children = (
				4DEC6AE813157ADA0021EAAA /* Reachability */,
				4DEC6AC3131579C30021EAAA /* ASIAuthenticationDialog.h */,
				4DEC6AC4131579C30021EAAA /* ASIAuthenticationDialog.m */,
				4DEC6AC5131579C30021EAAA /* ASICacheDelegate.h */,
				4DEC6AC6131579C30021EAAA /* ASIDataCompressor.h */,
				4DEC6AC7131579C30021EAAA /* ASIDataCompressor.m */,
				4DEC6AC8131579C30021EAAA /* ASIDataDecompressor.h */,
				4DEC6AC9131579C30021EAAA /* ASIDataDecompressor.m */,
				4DEC6ACA131579C30021EAAA /* ASIDownloadCache.h */,
				4DEC6ACB131579C30021EAAA /* ASIDownloadCache.m */,
				4DEC6ACC131579C30021EAAA /* ASIFormDataRequest.h */,
				4DEC6ACD131579C30021EAAA /* ASIFormDataRequest.m */,
				4D72F99013167EF90027E478 /* ASIHTTPRequest.h */,
				4DEC6ACF131579C30021EAAA /* ASIHTTPRequest.m */,
				4DEC6AD0131579C30021EAAA /* ASIHTTPRequestConfig.h */,
				4DEC6AD1131579C30021EAAA /* ASIHTTPRequestDelegate.h */,
				4DEC6AD2131579C30021EAAA /* ASIInputStream.h */,
				4DEC6AD3131579C30021EAAA /* ASIInputStream.m */,
				4DEC6AD4131579C30021EAAA /* ASINetworkQueue.h */,
				4DEC6AD5131579C30021EAAA /* ASINetworkQueue.m */,
				4DEC6AD6131579C30021EAAA /* ASIProgressDelegate.h */,
			);
			name = ASIHTTPRequest;
			sourceTree = "<group>";
		};
		4DEC6AE813157ADA0021EAAA /* Reachability */ = {
			isa = PBXGroup;
			children = (
				4DEC6AE913157ADA0021EAAA /* Reachability.h */,
				4DEC6AEA13157ADA0021EAAA /* Reachability.m */,
			);
			name = Reachability;
			path = "asi-http-request/External/Reachability";
			sourceTree = "<group>";
		};
		4DF2D28213083E2F00C8AB3A /* Tests */ = {
			isa = PBXGroup;
			children = (
				4D4CEC69132FC600009FDA84 /* TestRequestGenerator.m */,
				4DE98E87131C67A70060B34F /* TestAPI.m */,
				4DC10CEA130879A000944A20 /* TestDataController.m */,
				4DE98DFE1316C4780060B34F /* TestPostLoadOperation.m */,
				4DE98E851317CD1D0060B34F /* Supporting Files */,
			);
			name = Tests;
			sourceTree = "<group>";
		};
		4DF2D2B71308461700C8AB3A /* OCMock */ = {
			isa = PBXGroup;
			children = (
				4DF2D2B8130846DF00C8AB3A /* NSNotificationCenter+OCMAdditions.h */,
				4DF2D2B9130846DF00C8AB3A /* OCMArg.h */,
				4DF2D2BA130846DF00C8AB3A /* OCMConstraint.h */,
				4DF2D2BB130846DF00C8AB3A /* OCMock.h */,
				4DF2D2BC130846DF00C8AB3A /* OCMockObject.h */,
				4DF2D2BD130846DF00C8AB3A /* OCMockRecorder.h */,
			);
			name = OCMock;
			sourceTree = "<group>";
		};
/* End PBXGroup section */

/* Begin PBXNativeTarget section */
		1D6058900D05DD3D006BFB54 /* Newsgroup */ = {
			isa = PBXNativeTarget;
			buildConfigurationList = 1D6058960D05DD3E006BFB54 /* Build configuration list for PBXNativeTarget "Newsgroup" */;
			buildPhases = (
				1D60588D0D05DD3D006BFB54 /* Resources */,
				1D60588E0D05DD3D006BFB54 /* Sources */,
				1D60588F0D05DD3D006BFB54 /* Frameworks */,
			);
			buildRules = (
			);
			dependencies = (
			);
			name = Newsgroup;
			productName = Newsgroup;
			productReference = 1D6058910D05DD3D006BFB54 /* newsgroup.app */;
			productType = "com.apple.product-type.application";
		};
		4DF2D25313083D3300C8AB3A /* Tests */ = {
			isa = PBXNativeTarget;
			buildConfigurationList = 4DF2D25913083D3400C8AB3A /* Build configuration list for PBXNativeTarget "Tests" */;
			buildPhases = (
				4DF2D25013083D3300C8AB3A /* Resources */,
				4DF2D25113083D3300C8AB3A /* Sources */,
				4DF2D25213083D3300C8AB3A /* Frameworks */,
			);
			buildRules = (
			);
			dependencies = (
			);
			name = Tests;
			productName = Tests;
			productReference = 4DF2D25413083D3300C8AB3A /* Tests.app */;
			productType = "com.apple.product-type.application";
		};
/* End PBXNativeTarget section */

/* Begin PBXProject section */
		29B97313FDCFA39411CA2CEA /* Project object */ = {
			isa = PBXProject;
			buildConfigurationList = C01FCF4E08A954540054247B /* Build configuration list for PBXProject "Newsgroup" */;
			compatibilityVersion = "Xcode 3.1";
			developmentRegion = English;
			hasScannedForEncodings = 1;
			knownRegions = (
				English,
				Japanese,
				French,
				German,
				en,
			);
			mainGroup = 29B97314FDCFA39411CA2CEA /* CustomTemplate */;
			projectDirPath = "";
			projectRoot = "";
			targets = (
				1D6058900D05DD3D006BFB54 /* Newsgroup */,
				4DF2D25313083D3300C8AB3A /* Tests */,
			);
		};
/* End PBXProject section */

/* Begin PBXResourcesBuildPhase section */
		1D60588D0D05DD3D006BFB54 /* Resources */ = {
			isa = PBXResourcesBuildPhase;
			buildActionMask = 2147483647;
			files = (
				28AD73600D9D9599002E5188 /* MainWindow.xib in Resources */,
				2899E5600DE3E45000AC0155 /* MainThreadView.xib in Resources */,
				4DB0B61F1305C14600B24E54 /* TestData.plist in Resources */,
				4D9D4D27130CAA2600A34E8F /* HeaderView.xib in Resources */,
				4D9D4E5D130E12BD00A34E8F /* ProgressView.xib in Resources */,
				4D41B3A6131F29410044171F /* Settings.bundle in Resources */,
				4D54C9321327A9BA001D70C1 /* isRead.png in Resources */,
				4D0B8E651329C26C0081E772 /* post_body.html in Resources */,
				4DE9D7DB13311C3D00475E8C /* NewPostView.xib in Resources */,
				4DE9D855133C061300475E8C /* LoginPasswordView.xib in Resources */,
				4D1DD4C0133FA61300A61679 /* Icon.png in Resources */,
				4DC2D9841346B5AB00EDB177 /* history.png in Resources */,
				292B99C713480A6800393669 /* Default.png in Resources */,
				294E4396134D3A7B00BFE43B /* PostCell.xib in Resources */,
			);
			runOnlyForDeploymentPostprocessing = 0;
		};
		4DF2D25013083D3300C8AB3A /* Resources */ = {
			isa = PBXResourcesBuildPhase;
			buildActionMask = 2147483647;
			files = (
				4DE98E90131D0B670060B34F /* login.plist in Resources */,
				4DF61C47131DB00600B378E4 /* TestUser.plist in Resources */,
				4D41B402132004730044171F /* newsgroup_posts_cleaned.plist in Resources */,
			);
			runOnlyForDeploymentPostprocessing = 0;
		};
/* End PBXResourcesBuildPhase section */

/* Begin PBXSourcesBuildPhase section */
		1D60588E0D05DD3D006BFB54 /* Sources */ = {
			isa = PBXSourcesBuildPhase;
			buildActionMask = 2147483647;
			files = (
				1D60589B0D05DD56006BFB54 /* main.m in Sources */,
				1D3623260D0F684500981E51 /* NewsgroupAppDelegate.m in Sources */,
				28C286E10D94DF7D0034E888 /* MainThreadView.m in Sources */,
				28D3F202112F7DC200FD0661 /* Newsgroup.xcdatamodeld in Sources */,
				4D8D406B1304554A0033E9E7 /* DataController.m in Sources */,
				4DB0B6B81306026600B24E54 /* Post.m in Sources */,
				4DC10FC3130B430900944A20 /* IndividualThreadView.m in Sources */,
				4D9D4C7A130B5C6100A34E8F /* FetchedResultsViewController.m in Sources */,
				4D9D4E26130E0DD800A34E8F /* ToolbarProgressView.m in Sources */,
				4D9D4ECF130E993D00A34E8F /* NSDate+Helper.m in Sources */,
				296BEB67131048C20026BF42 /* NSString+Digest.m in Sources */,
				4DEC6AD7131579C30021EAAA /* ASIAuthenticationDialog.m in Sources */,
				4DEC6AD9131579C30021EAAA /* ASIDataCompressor.m in Sources */,
				4DEC6ADB131579C30021EAAA /* ASIDataDecompressor.m in Sources */,
				4DEC6ADD131579C30021EAAA /* ASIDownloadCache.m in Sources */,
				4DEC6ADF131579C30021EAAA /* ASIFormDataRequest.m in Sources */,
				4DEC6AE1131579C30021EAAA /* ASIHTTPRequest.m in Sources */,
				4DEC6AE3131579C30021EAAA /* ASIInputStream.m in Sources */,
				4DEC6AE5131579C30021EAAA /* ASINetworkQueue.m in Sources */,
				4DEC6AEB13157ADA0021EAAA /* Reachability.m in Sources */,
				4D72F97A13167AFA0027E478 /* NSObject+JSON.m in Sources */,
				4D72F97C13167AFA0027E478 /* SBJsonParser.m in Sources */,
				4D72F97E13167AFA0027E478 /* SBJsonStreamParser.m in Sources */,
				4D72F98013167AFA0027E478 /* SBJsonStreamParserAdapter.m in Sources */,
				4D72F98213167AFA0027E478 /* SBJsonStreamParserState.m in Sources */,
				4D72F98413167AFA0027E478 /* SBJsonStreamWriter.m in Sources */,
				4D72F98613167AFA0027E478 /* SBJsonStreamWriterState.m in Sources */,
				4D72F98813167AFA0027E478 /* SBJsonTokeniser.m in Sources */,
				4D72F98A13167AFA0027E478 /* SBJsonWriter.m in Sources */,
				4D72F98E13167E190027E478 /* PostLoadOperation.m in Sources */,
				4DE98E8C131D00220060B34F /* GTMBase64.m in Sources */,
				4D41B3AA131F36BD0044171F /* DDAlertPrompt.m in Sources */,
				4D4CEC67132FC4E8009FDA84 /* RequestGenerator.m in Sources */,
				4DE9D7D913311C2400475E8C /* NewPostViewController.m in Sources */,
				4DE9D858133C064D00475E8C /* LoginPasswordViewController.m in Sources */,
				4DC2D97F134683F400EDB177 /* PostHistory.m in Sources */,
				4DC2D9821346B3E200EDB177 /* PostHistoryViewController.m in Sources */,
				294E439B134DCBFE00BFE43B /* TDBadgedCell.m in Sources */,
			);
			runOnlyForDeploymentPostprocessing = 0;
		};
		4DF2D25113083D3300C8AB3A /* Sources */ = {
			isa = PBXSourcesBuildPhase;
			buildActionMask = 2147483647;
			files = (
				4DE98E89131C7BEC0060B34F /* NSString+Digest.m in Sources */,
				4DC10D5113093EA700944A20 /* Newsgroup.xcdatamodeld in Sources */,
				4DC10D2713089CFF00944A20 /* Post.m in Sources */,
				4DC10D0713089B9400944A20 /* DataController.m in Sources */,
				4DF2D29313083EF600C8AB3A /* GHUnitIOSTestMain.m in Sources */,
				4DC10CEB130879A000944A20 /* TestDataController.m in Sources */,
				4DEC6AD8131579C30021EAAA /* ASIAuthenticationDialog.m in Sources */,
				4DEC6ADA131579C30021EAAA /* ASIDataCompressor.m in Sources */,
				4DEC6ADC131579C30021EAAA /* ASIDataDecompressor.m in Sources */,
				4DEC6ADE131579C30021EAAA /* ASIDownloadCache.m in Sources */,
				4DEC6AE0131579C30021EAAA /* ASIFormDataRequest.m in Sources */,
				4DC2D9851346BE1600EDB177 /* PostHistory.m in Sources */,
				4DEC6AE2131579C30021EAAA /* ASIHTTPRequest.m in Sources */,
				4DEC6AE4131579C30021EAAA /* ASIInputStream.m in Sources */,
				4DEC6AE6131579C30021EAAA /* ASINetworkQueue.m in Sources */,
				4DEC6AEC13157ADA0021EAAA /* Reachability.m in Sources */,
				4D72F97B13167AFA0027E478 /* NSObject+JSON.m in Sources */,
				4D72F97D13167AFA0027E478 /* SBJsonParser.m in Sources */,
				4D72F97F13167AFA0027E478 /* SBJsonStreamParser.m in Sources */,
				4D72F98113167AFA0027E478 /* SBJsonStreamParserAdapter.m in Sources */,
				4D72F98313167AFA0027E478 /* SBJsonStreamParserState.m in Sources */,
				4D72F98513167AFA0027E478 /* SBJsonStreamWriter.m in Sources */,
				4D72F98713167AFA0027E478 /* SBJsonStreamWriterState.m in Sources */,
				4D72F98913167AFA0027E478 /* SBJsonTokeniser.m in Sources */,
				4D72F98B13167AFA0027E478 /* SBJsonWriter.m in Sources */,
				4D72F98F13167E190027E478 /* PostLoadOperation.m in Sources */,
				4DE98DFF1316C4780060B34F /* TestPostLoadOperation.m in Sources */,
				4DE98E88131C67A70060B34F /* TestAPI.m in Sources */,
				4DE98E8D131D00220060B34F /* GTMBase64.m in Sources */,
				4D4CEC68132FC4E8009FDA84 /* RequestGenerator.m in Sources */,
				4D4CEC6A132FC600009FDA84 /* TestRequestGenerator.m in Sources */,
			);
			runOnlyForDeploymentPostprocessing = 0;
		};
/* End PBXSourcesBuildPhase section */

/* Begin XCBuildConfiguration section */
		1D6058940D05DD3E006BFB54 /* Debug */ = {
			isa = XCBuildConfiguration;
			buildSettings = {
				ALWAYS_SEARCH_USER_PATHS = NO;
				COPY_PHASE_STRIP = NO;
				CURRENT_PROJECT_VERSION = 3;
				FRAMEWORK_SEARCH_PATHS = (
					"$(inherited)",
					"\"$(SRCROOT)/Frameworks\"",
				);
				GCC_DYNAMIC_NO_PIC = NO;
				GCC_OPTIMIZATION_LEVEL = 0;
				GCC_PRECOMPILE_PREFIX_HEADER = YES;
				GCC_PREFIX_HEADER = Newsgroup_Prefix.pch;
				"GCC_PREPROCESSOR_DEFINITIONS[arch=*]" = (
					"DEBUG=1",
					"DEBUG_REQUEST_STATUS=0",
				);
				INFOPLIST_FILE = "Newsgroup-Info.plist";
				IPHONEOS_DEPLOYMENT_TARGET = 4.0.1;
				PRODUCT_NAME = newsgroup;
				VERSIONING_SYSTEM = "apple-generic";
			};
			name = Debug;
		};
		1D6058950D05DD3E006BFB54 /* Release */ = {
			isa = XCBuildConfiguration;
			buildSettings = {
				ALWAYS_SEARCH_USER_PATHS = NO;
				"CODE_SIGN_IDENTITY[sdk=iphoneos*]" = "iPhone Distribution";
				COPY_PHASE_STRIP = YES;
				CURRENT_PROJECT_VERSION = 3;
				FRAMEWORK_SEARCH_PATHS = (
					"$(inherited)",
					"\"$(SRCROOT)/Frameworks\"",
				);
				GCC_PRECOMPILE_PREFIX_HEADER = YES;
				GCC_PREFIX_HEADER = Newsgroup_Prefix.pch;
				INFOPLIST_FILE = "Newsgroup-Info.plist";
				IPHONEOS_DEPLOYMENT_TARGET = 4.0.1;
				PRODUCT_NAME = newsgroup;
				"PROVISIONING_PROFILE[sdk=iphoneos*]" = "";
				VALIDATE_PRODUCT = YES;
				VERSIONING_SYSTEM = "apple-generic";
			};
			name = Release;
		};
		4DF2D25713083D3400C8AB3A /* Debug */ = {
			isa = XCBuildConfiguration;
			buildSettings = {
				ALWAYS_SEARCH_USER_PATHS = NO;
				CODE_SIGN_IDENTITY = "iPhone Developer";
				COPY_PHASE_STRIP = NO;
				FRAMEWORK_SEARCH_PATHS = (
					"$(inherited)",
					"\"$(SRCROOT)/Frameworks\"",
				);
				GCC_DYNAMIC_NO_PIC = NO;
				GCC_OPTIMIZATION_LEVEL = 0;
				GCC_PRECOMPILE_PREFIX_HEADER = YES;
				GCC_PREFIX_HEADER = "Test Classes/Tests_Prefix.pch";
				GCC_WARN_ALLOW_INCOMPLETE_PROTOCOL = YES;
				INFOPLIST_FILE = "Test Classes/Tests-Info.plist";
				INSTALL_PATH = "$(HOME)/Applications";
				LIBRARY_SEARCH_PATHS = (
					"$(inherited)",
					"\"$(SRCROOT)/Frameworks/OCMock\"",
				);
				OTHER_LDFLAGS = (
					"-all_load",
					"-ObjC",
					"-framework",
					Foundation,
					"-framework",
					UIKit,
				);
				PREBINDING = NO;
				PRODUCT_NAME = Tests;
				SDKROOT = iphoneos;
				VERSIONING_SYSTEM = "apple-generic";
			};
			name = Debug;
		};
		4DF2D25813083D3400C8AB3A /* Release */ = {
			isa = XCBuildConfiguration;
			buildSettings = {
				ALWAYS_SEARCH_USER_PATHS = NO;
				CODE_SIGN_IDENTITY = "iPhone Developer";
				COPY_PHASE_STRIP = YES;
				DEBUG_INFORMATION_FORMAT = "dwarf-with-dsym";
				FRAMEWORK_SEARCH_PATHS = (
					"$(inherited)",
					"\"$(SRCROOT)/Frameworks\"",
				);
				GCC_ENABLE_FIX_AND_CONTINUE = NO;
				GCC_PRECOMPILE_PREFIX_HEADER = YES;
				GCC_PREFIX_HEADER = "Test Classes/Tests_Prefix.pch";
				GCC_WARN_ALLOW_INCOMPLETE_PROTOCOL = YES;
				INFOPLIST_FILE = "Test Classes/Tests-Info.plist";
				INSTALL_PATH = "$(HOME)/Applications";
				LIBRARY_SEARCH_PATHS = (
					"$(inherited)",
					"\"$(SRCROOT)/Frameworks/OCMock\"",
				);
				OTHER_LDFLAGS = (
					"-all_load",
					"-ObjC",
					"-framework",
					Foundation,
					"-framework",
					UIKit,
				);
				PREBINDING = NO;
				PRODUCT_NAME = Tests;
				SDKROOT = iphoneos;
				VERSIONING_SYSTEM = "apple-generic";
				ZERO_LINK = NO;
			};
			name = Release;
		};
		C01FCF4F08A954540054247B /* Debug */ = {
			isa = XCBuildConfiguration;
			buildSettings = {
				ARCHS = "$(ARCHS_STANDARD_32_BIT)";
				"CODE_SIGN_IDENTITY[sdk=iphoneos*]" = "iPhone Developer";
				GCC_C_LANGUAGE_STANDARD = c99;
				GCC_TREAT_WARNINGS_AS_ERRORS = YES;
				GCC_WARN_64_TO_32_BIT_CONVERSION = YES;
				GCC_WARN_ABOUT_MISSING_FIELD_INITIALIZERS = YES;
				GCC_WARN_ABOUT_MISSING_NEWLINE = YES;
				GCC_WARN_ABOUT_RETURN_TYPE = YES;
				GCC_WARN_CHECK_SWITCH_STATEMENTS = YES;
				GCC_WARN_INITIALIZER_NOT_FULLY_BRACKETED = YES;
				GCC_WARN_MISSING_PARENTHESES = YES;
				GCC_WARN_SHADOW = YES;
				GCC_WARN_SIGN_COMPARE = YES;
				GCC_WARN_TYPECHECK_CALLS_TO_PRINTF = YES;
				GCC_WARN_UNDECLARED_SELECTOR = YES;
				GCC_WARN_UNUSED_FUNCTION = YES;
				GCC_WARN_UNUSED_LABEL = YES;
				GCC_WARN_UNUSED_VALUE = YES;
				GCC_WARN_UNUSED_VARIABLE = YES;
				IPHONEOS_DEPLOYMENT_TARGET = 4.3;
				PREBINDING = NO;
				SDKROOT = iphoneos;
			};
			name = Debug;
		};
		C01FCF5008A954540054247B /* Release */ = {
			isa = XCBuildConfiguration;
			buildSettings = {
				ARCHS = "$(ARCHS_STANDARD_32_BIT)";
				"CODE_SIGN_IDENTITY[sdk=iphoneos*]" = "iPhone Developer";
				GCC_C_LANGUAGE_STANDARD = c99;
				GCC_TREAT_WARNINGS_AS_ERRORS = YES;
				GCC_WARN_64_TO_32_BIT_CONVERSION = YES;
				GCC_WARN_ABOUT_MISSING_FIELD_INITIALIZERS = YES;
				GCC_WARN_ABOUT_MISSING_NEWLINE = YES;
				GCC_WARN_ABOUT_RETURN_TYPE = YES;
				GCC_WARN_CHECK_SWITCH_STATEMENTS = YES;
				GCC_WARN_INITIALIZER_NOT_FULLY_BRACKETED = YES;
				GCC_WARN_MISSING_PARENTHESES = YES;
				GCC_WARN_SHADOW = YES;
				GCC_WARN_SIGN_COMPARE = YES;
				GCC_WARN_TYPECHECK_CALLS_TO_PRINTF = YES;
				GCC_WARN_UNDECLARED_SELECTOR = YES;
				GCC_WARN_UNUSED_FUNCTION = YES;
				GCC_WARN_UNUSED_LABEL = YES;
				GCC_WARN_UNUSED_VALUE = YES;
				GCC_WARN_UNUSED_VARIABLE = YES;
				IPHONEOS_DEPLOYMENT_TARGET = 4.3;
				OTHER_CFLAGS = "-DNS_BLOCK_ASSERTIONS=1";
				PREBINDING = NO;
				RUN_CLANG_STATIC_ANALYZER = YES;
				SDKROOT = iphoneos;
			};
			name = Release;
		};
/* End XCBuildConfiguration section */

/* Begin XCConfigurationList section */
		1D6058960D05DD3E006BFB54 /* Build configuration list for PBXNativeTarget "Newsgroup" */ = {
			isa = XCConfigurationList;
			buildConfigurations = (
				1D6058940D05DD3E006BFB54 /* Debug */,
				1D6058950D05DD3E006BFB54 /* Release */,
			);
			defaultConfigurationIsVisible = 0;
			defaultConfigurationName = Release;
		};
		4DF2D25913083D3400C8AB3A /* Build configuration list for PBXNativeTarget "Tests" */ = {
			isa = XCConfigurationList;
			buildConfigurations = (
				4DF2D25713083D3400C8AB3A /* Debug */,
				4DF2D25813083D3400C8AB3A /* Release */,
			);
			defaultConfigurationIsVisible = 0;
			defaultConfigurationName = Release;
		};
		C01FCF4E08A954540054247B /* Build configuration list for PBXProject "Newsgroup" */ = {
			isa = XCConfigurationList;
			buildConfigurations = (
				C01FCF4F08A954540054247B /* Debug */,
				C01FCF5008A954540054247B /* Release */,
			);
			defaultConfigurationIsVisible = 0;
			defaultConfigurationName = Release;
		};
/* End XCConfigurationList section */

/* Begin XCVersionGroup section */
		28D3F201112F7DC200FD0661 /* Newsgroup.xcdatamodeld */ = {
			isa = XCVersionGroup;
			children = (
				4DC2D97613467E2500EDB177 /* Newsgroup 3.xcdatamodel */,
				4DE9D868133EC2D000475E8C /* Newsgroup 2.xcdatamodel */,
				28860B760F44E54D00985440 /* Newsgroup.xcdatamodel */,
			);
			currentVersion = 4DC2D97613467E2500EDB177 /* Newsgroup 3.xcdatamodel */;
			name = Newsgroup.xcdatamodeld;
			path = Resources/Newsgroup.xcdatamodeld;
			sourceTree = "<group>";
			versionGroupType = wrapper.xcdatamodel;
		};
/* End XCVersionGroup section */
	};
	rootObject = 29B97313FDCFA39411CA2CEA /* Project object */;
}
