// !$*UTF8*$!
{
	archiveVersion = 1;
	classes = {
	};
	objectVersion = 45;
	objects = {

/* Begin PBXBuildFile section */
		1D3623260D0F684500981E51 /* NewsgroupAppDelegate.m in Sources */ = {isa = PBXBuildFile; fileRef = 1D3623250D0F684500981E51 /* NewsgroupAppDelegate.m */; };
		1D60589B0D05DD56006BFB54 /* main.m in Sources */ = {isa = PBXBuildFile; fileRef = 29B97316FDCFA39411CA2CEA /* main.m */; };
		1D60589F0D05DD5A006BFB54 /* Foundation.framework in Frameworks */ = {isa = PBXBuildFile; fileRef = 1D30AB110D05D00D00671497 /* Foundation.framework */; };
		1DF5F4E00D08C38300B7A737 /* UIKit.framework in Frameworks */ = {isa = PBXBuildFile; fileRef = 1DF5F4DF0D08C38300B7A737 /* UIKit.framework */; };
		28860BE50F44EE6400985440 /* CoreData.framework in Frameworks */ = {isa = PBXBuildFile; fileRef = 28860BE40F44EE6400985440 /* CoreData.framework */; };
		2892E4100DC94CBA00A64D0F /* CoreGraphics.framework in Frameworks */ = {isa = PBXBuildFile; fileRef = 2892E40F0DC94CBA00A64D0F /* CoreGraphics.framework */; };
		2899E5600DE3E45000AC0155 /* MainThreadView.xib in Resources */ = {isa = PBXBuildFile; fileRef = 2899E55F0DE3E45000AC0155 /* MainThreadView.xib */; };
		28AD73600D9D9599002E5188 /* MainWindow.xib in Resources */ = {isa = PBXBuildFile; fileRef = 28AD735F0D9D9599002E5188 /* MainWindow.xib */; };
		28C286E10D94DF7D0034E888 /* MainThreadView.m in Sources */ = {isa = PBXBuildFile; fileRef = 28C286E00D94DF7D0034E888 /* MainThreadView.m */; };
		28D3F202112F7DC200FD0661 /* Newsgroup.xcdatamodeld in Sources */ = {isa = PBXBuildFile; fileRef = 28D3F201112F7DC200FD0661 /* Newsgroup.xcdatamodeld */; };
		4D562015130847090008C9B5 /* libOCMock.a in Frameworks */ = {isa = PBXBuildFile; fileRef = 4D562014130847090008C9B5 /* libOCMock.a */; };
		4D8D406B1304554A0033E9E7 /* GPDataController.m in Sources */ = {isa = PBXBuildFile; fileRef = 4D8D406A130455490033E9E7 /* GPDataController.m */; };
		4D9D4C7A130B5C6100A34E8F /* FetchedResultsViewController.m in Sources */ = {isa = PBXBuildFile; fileRef = 4D9D4C79130B5C6100A34E8F /* FetchedResultsViewController.m */; };
		4D9D4D27130CAA2600A34E8F /* HeaderView.xib in Resources */ = {isa = PBXBuildFile; fileRef = 4D9D4D26130CAA2600A34E8F /* HeaderView.xib */; };
		4D9D4D59130D8A7F00A34E8F /* GPHTTPController.m in Sources */ = {isa = PBXBuildFile; fileRef = 4D9D4D58130D8A7F00A34E8F /* GPHTTPController.m */; };
		4D9D4D5A130D8A7F00A34E8F /* GPHTTPController.m in Sources */ = {isa = PBXBuildFile; fileRef = 4D9D4D58130D8A7F00A34E8F /* GPHTTPController.m */; };
		4D9D4DBD130DE55200A34E8F /* GPDataParser.m in Sources */ = {isa = PBXBuildFile; fileRef = 4D9D4DBC130DE55200A34E8F /* GPDataParser.m */; };
		4D9D4DBE130DE55200A34E8F /* GPDataParser.m in Sources */ = {isa = PBXBuildFile; fileRef = 4D9D4DBC130DE55200A34E8F /* GPDataParser.m */; };
		4D9D4E26130E0DD800A34E8F /* ToolbarProgressView.m in Sources */ = {isa = PBXBuildFile; fileRef = 4D9D4E25130E0DD800A34E8F /* ToolbarProgressView.m */; };
		4DB0B61F1305C14600B24E54 /* TestData.plist in Resources */ = {isa = PBXBuildFile; fileRef = 4DB0B61E1305C14600B24E54 /* TestData.plist */; };
		4DB0B6B81306026600B24E54 /* GPPost.m in Sources */ = {isa = PBXBuildFile; fileRef = 4DB0B6B71306026600B24E54 /* GPPost.m */; };
		4DC10CEB130879A000944A20 /* TestGPDataController.m in Sources */ = {isa = PBXBuildFile; fileRef = 4DC10CEA130879A000944A20 /* TestGPDataController.m */; };
		4DC10CF71308863F00944A20 /* Test Database.sqlite in Resources */ = {isa = PBXBuildFile; fileRef = 4DC10CF61308863F00944A20 /* Test Database.sqlite */; };
		4DC10D0713089B9400944A20 /* GPDataController.m in Sources */ = {isa = PBXBuildFile; fileRef = 4D8D406A130455490033E9E7 /* GPDataController.m */; };
		4DC10D1E13089CE000944A20 /* CoreData.framework in Frameworks */ = {isa = PBXBuildFile; fileRef = 28860BE40F44EE6400985440 /* CoreData.framework */; };
		4DC10D2713089CFF00944A20 /* GPPost.m in Sources */ = {isa = PBXBuildFile; fileRef = 4DB0B6B71306026600B24E54 /* GPPost.m */; };
		4DC10D5113093EA700944A20 /* Newsgroup.xcdatamodeld in Sources */ = {isa = PBXBuildFile; fileRef = 28D3F201112F7DC200FD0661 /* Newsgroup.xcdatamodeld */; };
		4DC10FC3130B430900944A20 /* IndividualThreadView.m in Sources */ = {isa = PBXBuildFile; fileRef = 4DC10FC1130B430900944A20 /* IndividualThreadView.m */; };
		4DF2D27B13083D9500C8AB3A /* GHUnitIOS.framework in Frameworks */ = {isa = PBXBuildFile; fileRef = 4DF2D25B13083D7100C8AB3A /* GHUnitIOS.framework */; };
		4DF2D27C13083DB600C8AB3A /* CoreGraphics.framework in Frameworks */ = {isa = PBXBuildFile; fileRef = 2892E40F0DC94CBA00A64D0F /* CoreGraphics.framework */; };
		4DF2D27D13083DB600C8AB3A /* Foundation.framework in Frameworks */ = {isa = PBXBuildFile; fileRef = 1D30AB110D05D00D00671497 /* Foundation.framework */; };
		4DF2D27E13083DB600C8AB3A /* UIKit.framework in Frameworks */ = {isa = PBXBuildFile; fileRef = 1DF5F4DF0D08C38300B7A737 /* UIKit.framework */; };
		4DF2D29313083EF600C8AB3A /* GHUnitIOSTestMain.m in Sources */ = {isa = PBXBuildFile; fileRef = 4DF2D29213083EF600C8AB3A /* GHUnitIOSTestMain.m */; };
/* End PBXBuildFile section */

/* Begin PBXFileReference section */
		1D30AB110D05D00D00671497 /* Foundation.framework */ = {isa = PBXFileReference; lastKnownFileType = wrapper.framework; name = Foundation.framework; path = System/Library/Frameworks/Foundation.framework; sourceTree = SDKROOT; };
		1D3623240D0F684500981E51 /* NewsgroupAppDelegate.h */ = {isa = PBXFileReference; fileEncoding = 4; lastKnownFileType = sourcecode.c.h; path = NewsgroupAppDelegate.h; sourceTree = "<group>"; };
		1D3623250D0F684500981E51 /* NewsgroupAppDelegate.m */ = {isa = PBXFileReference; fileEncoding = 4; lastKnownFileType = sourcecode.c.objc; path = NewsgroupAppDelegate.m; sourceTree = "<group>"; };
		1D6058910D05DD3D006BFB54 /* Newsgroup.app */ = {isa = PBXFileReference; explicitFileType = wrapper.application; includeInIndex = 0; path = Newsgroup.app; sourceTree = BUILT_PRODUCTS_DIR; };
		1DF5F4DF0D08C38300B7A737 /* UIKit.framework */ = {isa = PBXFileReference; lastKnownFileType = wrapper.framework; name = UIKit.framework; path = System/Library/Frameworks/UIKit.framework; sourceTree = SDKROOT; };
		28860B760F44E54D00985440 /* Newsgroup.xcdatamodel */ = {isa = PBXFileReference; fileEncoding = 4; lastKnownFileType = wrapper.xcdatamodel; path = Newsgroup.xcdatamodel; sourceTree = "<group>"; };
		28860BE40F44EE6400985440 /* CoreData.framework */ = {isa = PBXFileReference; lastKnownFileType = wrapper.framework; name = CoreData.framework; path = System/Library/Frameworks/CoreData.framework; sourceTree = SDKROOT; };
		2892E40F0DC94CBA00A64D0F /* CoreGraphics.framework */ = {isa = PBXFileReference; lastKnownFileType = wrapper.framework; name = CoreGraphics.framework; path = System/Library/Frameworks/CoreGraphics.framework; sourceTree = SDKROOT; };
		2899E55F0DE3E45000AC0155 /* MainThreadView.xib */ = {isa = PBXFileReference; lastKnownFileType = file.xib; name = MainThreadView.xib; path = Resources/MainThreadView.xib; sourceTree = "<group>"; };
		28A0AAE50D9B0CCF005BE974 /* Newsgroup_Prefix.pch */ = {isa = PBXFileReference; fileEncoding = 4; lastKnownFileType = sourcecode.c.h; path = Newsgroup_Prefix.pch; sourceTree = "<group>"; };
		28AD735F0D9D9599002E5188 /* MainWindow.xib */ = {isa = PBXFileReference; lastKnownFileType = file.xib; name = MainWindow.xib; path = Resources/MainWindow.xib; sourceTree = "<group>"; };
		28C286DF0D94DF7D0034E888 /* MainThreadView.h */ = {isa = PBXFileReference; fileEncoding = 4; lastKnownFileType = sourcecode.c.h; path = MainThreadView.h; sourceTree = "<group>"; };
		28C286E00D94DF7D0034E888 /* MainThreadView.m */ = {isa = PBXFileReference; fileEncoding = 4; lastKnownFileType = sourcecode.c.objc; path = MainThreadView.m; sourceTree = "<group>"; };
		29B97316FDCFA39411CA2CEA /* main.m */ = {isa = PBXFileReference; fileEncoding = 4; lastKnownFileType = sourcecode.c.objc; path = main.m; sourceTree = "<group>"; };
		4D562014130847090008C9B5 /* libOCMock.a */ = {isa = PBXFileReference; lastKnownFileType = archive.ar; name = libOCMock.a; path = Frameworks/OCMock/libOCMock.a; sourceTree = "<group>"; };
		4D8D4069130455490033E9E7 /* GPDataController.h */ = {isa = PBXFileReference; fileEncoding = 4; lastKnownFileType = sourcecode.c.h; path = GPDataController.h; sourceTree = "<group>"; };
		4D8D406A130455490033E9E7 /* GPDataController.m */ = {isa = PBXFileReference; fileEncoding = 4; lastKnownFileType = sourcecode.c.objc; path = GPDataController.m; sourceTree = "<group>"; };
		4D9D4C78130B5C6100A34E8F /* FetchedResultsViewController.h */ = {isa = PBXFileReference; fileEncoding = 4; lastKnownFileType = sourcecode.c.h; path = FetchedResultsViewController.h; sourceTree = "<group>"; };
		4D9D4C79130B5C6100A34E8F /* FetchedResultsViewController.m */ = {isa = PBXFileReference; fileEncoding = 4; lastKnownFileType = sourcecode.c.objc; path = FetchedResultsViewController.m; sourceTree = "<group>"; };
		4D9D4C7D130B5D6800A34E8F /* FetchedResultsViewController+PrivateHeader.h */ = {isa = PBXFileReference; fileEncoding = 4; lastKnownFileType = sourcecode.c.h; path = "FetchedResultsViewController+PrivateHeader.h"; sourceTree = "<group>"; };
		4D9D4D26130CAA2600A34E8F /* HeaderView.xib */ = {isa = PBXFileReference; lastKnownFileType = file.xib; name = HeaderView.xib; path = Resources/HeaderView.xib; sourceTree = "<group>"; };
		4D9D4D57130D8A7F00A34E8F /* GPHTTPController.h */ = {isa = PBXFileReference; fileEncoding = 4; lastKnownFileType = sourcecode.c.h; path = GPHTTPController.h; sourceTree = "<group>"; };
		4D9D4D58130D8A7F00A34E8F /* GPHTTPController.m */ = {isa = PBXFileReference; fileEncoding = 4; lastKnownFileType = sourcecode.c.objc; path = GPHTTPController.m; sourceTree = "<group>"; };
		4D9D4DBB130DE55200A34E8F /* GPDataParser.h */ = {isa = PBXFileReference; fileEncoding = 4; lastKnownFileType = sourcecode.c.h; path = GPDataParser.h; sourceTree = "<group>"; };
		4D9D4DBC130DE55200A34E8F /* GPDataParser.m */ = {isa = PBXFileReference; fileEncoding = 4; lastKnownFileType = sourcecode.c.objc; path = GPDataParser.m; sourceTree = "<group>"; };
		4D9D4E24130E0DD800A34E8F /* ToolbarProgressView.h */ = {isa = PBXFileReference; fileEncoding = 4; lastKnownFileType = sourcecode.c.h; path = ToolbarProgressView.h; sourceTree = "<group>"; };
		4D9D4E25130E0DD800A34E8F /* ToolbarProgressView.m */ = {isa = PBXFileReference; fileEncoding = 4; lastKnownFileType = sourcecode.c.objc; path = ToolbarProgressView.m; sourceTree = "<group>"; };
		4DB0B61E1305C14600B24E54 /* TestData.plist */ = {isa = PBXFileReference; fileEncoding = 4; lastKnownFileType = text.plist.xml; path = TestData.plist; sourceTree = "<group>"; };
		4DB0B6B61306026600B24E54 /* GPPost.h */ = {isa = PBXFileReference; fileEncoding = 4; lastKnownFileType = sourcecode.c.h; path = GPPost.h; sourceTree = "<group>"; };
		4DB0B6B71306026600B24E54 /* GPPost.m */ = {isa = PBXFileReference; fileEncoding = 4; lastKnownFileType = sourcecode.c.objc; path = GPPost.m; sourceTree = "<group>"; };
		4DC10CD0130858DB00944A20 /* GPDataController+PrivateHeader.h */ = {isa = PBXFileReference; fileEncoding = 4; lastKnownFileType = sourcecode.c.h; path = "GPDataController+PrivateHeader.h"; sourceTree = "<group>"; };
		4DC10CEA130879A000944A20 /* TestGPDataController.m */ = {isa = PBXFileReference; fileEncoding = 4; lastKnownFileType = sourcecode.c.objc; name = TestGPDataController.m; path = "Test Classes/TestGPDataController.m"; sourceTree = "<group>"; };
		4DC10CF61308863F00944A20 /* Test Database.sqlite */ = {isa = PBXFileReference; lastKnownFileType = file; name = "Test Database.sqlite"; path = "Test Classes/Test Database.sqlite"; sourceTree = "<group>"; };
		4DC10D1713089C8C00944A20 /* Tests_Prefix.pch */ = {isa = PBXFileReference; fileEncoding = 4; lastKnownFileType = sourcecode.c.h; name = Tests_Prefix.pch; path = "Test Classes/Tests_Prefix.pch"; sourceTree = "<group>"; };
		4DC10FC0130B430900944A20 /* IndividualThreadView.h */ = {isa = PBXFileReference; fileEncoding = 4; lastKnownFileType = sourcecode.c.h; path = IndividualThreadView.h; sourceTree = "<group>"; };
		4DC10FC1130B430900944A20 /* IndividualThreadView.m */ = {isa = PBXFileReference; fileEncoding = 4; lastKnownFileType = sourcecode.c.objc; path = IndividualThreadView.m; sourceTree = "<group>"; };
		4DF2D25413083D3300C8AB3A /* Tests.app */ = {isa = PBXFileReference; explicitFileType = wrapper.application; includeInIndex = 0; path = Tests.app; sourceTree = BUILT_PRODUCTS_DIR; };
		4DF2D25B13083D7100C8AB3A /* GHUnitIOS.framework */ = {isa = PBXFileReference; lastKnownFileType = wrapper.framework; name = GHUnitIOS.framework; path = Frameworks/GHUnitIOS.framework; sourceTree = "<group>"; };
		4DF2D29013083E9D00C8AB3A /* Tests-Info.plist */ = {isa = PBXFileReference; fileEncoding = 4; lastKnownFileType = text.plist.xml; name = "Tests-Info.plist"; path = "Test Classes/Tests-Info.plist"; sourceTree = "<group>"; };
		4DF2D29213083EF600C8AB3A /* GHUnitIOSTestMain.m */ = {isa = PBXFileReference; fileEncoding = 4; lastKnownFileType = sourcecode.c.objc; name = GHUnitIOSTestMain.m; path = "Test Classes/GHUnitIOSTestMain.m"; sourceTree = "<group>"; };
		4DF2D2B8130846DF00C8AB3A /* NSNotificationCenter+OCMAdditions.h */ = {isa = PBXFileReference; fileEncoding = 4; lastKnownFileType = sourcecode.c.h; name = "NSNotificationCenter+OCMAdditions.h"; path = "Frameworks/OCMock/Headers/OCMock/NSNotificationCenter+OCMAdditions.h"; sourceTree = "<group>"; };
		4DF2D2B9130846DF00C8AB3A /* OCMArg.h */ = {isa = PBXFileReference; fileEncoding = 4; lastKnownFileType = sourcecode.c.h; name = OCMArg.h; path = Frameworks/OCMock/Headers/OCMock/OCMArg.h; sourceTree = "<group>"; };
		4DF2D2BA130846DF00C8AB3A /* OCMConstraint.h */ = {isa = PBXFileReference; fileEncoding = 4; lastKnownFileType = sourcecode.c.h; name = OCMConstraint.h; path = Frameworks/OCMock/Headers/OCMock/OCMConstraint.h; sourceTree = "<group>"; };
		4DF2D2BB130846DF00C8AB3A /* OCMock.h */ = {isa = PBXFileReference; fileEncoding = 4; lastKnownFileType = sourcecode.c.h; name = OCMock.h; path = Frameworks/OCMock/Headers/OCMock/OCMock.h; sourceTree = "<group>"; };
		4DF2D2BC130846DF00C8AB3A /* OCMockObject.h */ = {isa = PBXFileReference; fileEncoding = 4; lastKnownFileType = sourcecode.c.h; name = OCMockObject.h; path = Frameworks/OCMock/Headers/OCMock/OCMockObject.h; sourceTree = "<group>"; };
		4DF2D2BD130846DF00C8AB3A /* OCMockRecorder.h */ = {isa = PBXFileReference; fileEncoding = 4; lastKnownFileType = sourcecode.c.h; name = OCMockRecorder.h; path = Frameworks/OCMock/Headers/OCMock/OCMockRecorder.h; sourceTree = "<group>"; };
		8D1107310486CEB800E47090 /* Newsgroup-Info.plist */ = {isa = PBXFileReference; fileEncoding = 4; lastKnownFileType = text.plist.xml; path = "Newsgroup-Info.plist"; plistStructureDefinitionIdentifier = "com.apple.xcode.plist.structure-definition.iphone.info-plist"; sourceTree = "<group>"; };
/* End PBXFileReference section */

/* Begin PBXFrameworksBuildPhase section */
		1D60588F0D05DD3D006BFB54 /* Frameworks */ = {
			isa = PBXFrameworksBuildPhase;
			buildActionMask = 2147483647;
			files = (
				1D60589F0D05DD5A006BFB54 /* Foundation.framework in Frameworks */,
				1DF5F4E00D08C38300B7A737 /* UIKit.framework in Frameworks */,
				2892E4100DC94CBA00A64D0F /* CoreGraphics.framework in Frameworks */,
				28860BE50F44EE6400985440 /* CoreData.framework in Frameworks */,
			);
			runOnlyForDeploymentPostprocessing = 0;
		};
		4DF2D25213083D3300C8AB3A /* Frameworks */ = {
			isa = PBXFrameworksBuildPhase;
			buildActionMask = 2147483647;
			files = (
				4DC10D1E13089CE000944A20 /* CoreData.framework in Frameworks */,
				4DF2D27B13083D9500C8AB3A /* GHUnitIOS.framework in Frameworks */,
				4DF2D27C13083DB600C8AB3A /* CoreGraphics.framework in Frameworks */,
				4DF2D27D13083DB600C8AB3A /* Foundation.framework in Frameworks */,
				4DF2D27E13083DB600C8AB3A /* UIKit.framework in Frameworks */,
				4D562015130847090008C9B5 /* libOCMock.a in Frameworks */,
			);
			runOnlyForDeploymentPostprocessing = 0;
		};
/* End PBXFrameworksBuildPhase section */

/* Begin PBXGroup section */
		080E96DDFE201D6D7F000001 /* Classes */ = {
			isa = PBXGroup;
			children = (
				1D3623240D0F684500981E51 /* NewsgroupAppDelegate.h */,
				1D3623250D0F684500981E51 /* NewsgroupAppDelegate.m */,
				28C286DF0D94DF7D0034E888 /* MainThreadView.h */,
				28C286E00D94DF7D0034E888 /* MainThreadView.m */,
				4DC10FC0130B430900944A20 /* IndividualThreadView.h */,
				4DC10FC1130B430900944A20 /* IndividualThreadView.m */,
				4D8D4069130455490033E9E7 /* GPDataController.h */,
				4D8D406A130455490033E9E7 /* GPDataController.m */,
				4DC10CD0130858DB00944A20 /* GPDataController+PrivateHeader.h */,
				4DB0B6B61306026600B24E54 /* GPPost.h */,
				4DB0B6B71306026600B24E54 /* GPPost.m */,
				4D9D4C78130B5C6100A34E8F /* FetchedResultsViewController.h */,
				4D9D4C79130B5C6100A34E8F /* FetchedResultsViewController.m */,
				4D9D4C7D130B5D6800A34E8F /* FetchedResultsViewController+PrivateHeader.h */,
				4D9D4D57130D8A7F00A34E8F /* GPHTTPController.h */,
				4D9D4D58130D8A7F00A34E8F /* GPHTTPController.m */,
				4D9D4DBB130DE55200A34E8F /* GPDataParser.h */,
				4D9D4DBC130DE55200A34E8F /* GPDataParser.m */,
				4D9D4E24130E0DD800A34E8F /* ToolbarProgressView.h */,
				4D9D4E25130E0DD800A34E8F /* ToolbarProgressView.m */,
			);
			path = Classes;
			sourceTree = "<group>";
		};
		19C28FACFE9D520D11CA2CBB /* Products */ = {
			isa = PBXGroup;
			children = (
				1D6058910D05DD3D006BFB54 /* Newsgroup.app */,
				4DF2D25413083D3300C8AB3A /* Tests.app */,
			);
			name = Products;
			sourceTree = "<group>";
		};
		29B97314FDCFA39411CA2CEA /* CustomTemplate */ = {
			isa = PBXGroup;
			children = (
				080E96DDFE201D6D7F000001 /* Classes */,
				29B97315FDCFA39411CA2CEA /* Other Sources */,
				29B97317FDCFA39411CA2CEA /* Resources */,
				29B97323FDCFA39411CA2CEA /* Frameworks */,
				19C28FACFE9D520D11CA2CBB /* Products */,
				4DF2D2B71308461700C8AB3A /* OCMock */,
				4DF2D28213083E2F00C8AB3A /* Tests */,
			);
			name = CustomTemplate;
			sourceTree = "<group>";
		};
		29B97315FDCFA39411CA2CEA /* Other Sources */ = {
			isa = PBXGroup;
			children = (
				28A0AAE50D9B0CCF005BE974 /* Newsgroup_Prefix.pch */,
				29B97316FDCFA39411CA2CEA /* main.m */,
			);
			name = "Other Sources";
			sourceTree = "<group>";
		};
		29B97317FDCFA39411CA2CEA /* Resources */ = {
			isa = PBXGroup;
			children = (
				28AD735F0D9D9599002E5188 /* MainWindow.xib */,
				2899E55F0DE3E45000AC0155 /* MainThreadView.xib */,
				4D9D4D26130CAA2600A34E8F /* HeaderView.xib */,
				28D3F201112F7DC200FD0661 /* Newsgroup.xcdatamodeld */,
				8D1107310486CEB800E47090 /* Newsgroup-Info.plist */,
				4DB0B61E1305C14600B24E54 /* TestData.plist */,
			);
			name = Resources;
			sourceTree = "<group>";
		};
		29B97323FDCFA39411CA2CEA /* Frameworks */ = {
			isa = PBXGroup;
			children = (
				4D562014130847090008C9B5 /* libOCMock.a */,
				1DF5F4DF0D08C38300B7A737 /* UIKit.framework */,
				1D30AB110D05D00D00671497 /* Foundation.framework */,
				2892E40F0DC94CBA00A64D0F /* CoreGraphics.framework */,
				28860BE40F44EE6400985440 /* CoreData.framework */,
				4DF2D25B13083D7100C8AB3A /* GHUnitIOS.framework */,
			);
			name = Frameworks;
			sourceTree = "<group>";
		};
		4DF2D28213083E2F00C8AB3A /* Tests */ = {
			isa = PBXGroup;
			children = (
				4DC10D1713089C8C00944A20 /* Tests_Prefix.pch */,
				4DC10CF61308863F00944A20 /* Test Database.sqlite */,
				4DF2D29013083E9D00C8AB3A /* Tests-Info.plist */,
				4DF2D29213083EF600C8AB3A /* GHUnitIOSTestMain.m */,
				4DC10CEA130879A000944A20 /* TestGPDataController.m */,
			);
			name = Tests;
			sourceTree = "<group>";
		};
		4DF2D2B71308461700C8AB3A /* OCMock */ = {
			isa = PBXGroup;
			children = (
				4DF2D2B8130846DF00C8AB3A /* NSNotificationCenter+OCMAdditions.h */,
				4DF2D2B9130846DF00C8AB3A /* OCMArg.h */,
				4DF2D2BA130846DF00C8AB3A /* OCMConstraint.h */,
				4DF2D2BB130846DF00C8AB3A /* OCMock.h */,
				4DF2D2BC130846DF00C8AB3A /* OCMockObject.h */,
				4DF2D2BD130846DF00C8AB3A /* OCMockRecorder.h */,
			);
			name = OCMock;
			sourceTree = "<group>";
		};
/* End PBXGroup section */

/* Begin PBXNativeTarget section */
		1D6058900D05DD3D006BFB54 /* Newsgroup */ = {
			isa = PBXNativeTarget;
			buildConfigurationList = 1D6058960D05DD3E006BFB54 /* Build configuration list for PBXNativeTarget "Newsgroup" */;
			buildPhases = (
				1D60588D0D05DD3D006BFB54 /* Resources */,
				1D60588E0D05DD3D006BFB54 /* Sources */,
				1D60588F0D05DD3D006BFB54 /* Frameworks */,
			);
			buildRules = (
			);
			dependencies = (
			);
			name = Newsgroup;
			productName = Newsgroup;
			productReference = 1D6058910D05DD3D006BFB54 /* Newsgroup.app */;
			productType = "com.apple.product-type.application";
		};
		4DF2D25313083D3300C8AB3A /* Tests */ = {
			isa = PBXNativeTarget;
			buildConfigurationList = 4DF2D25913083D3400C8AB3A /* Build configuration list for PBXNativeTarget "Tests" */;
			buildPhases = (
				4DF2D25013083D3300C8AB3A /* Resources */,
				4DF2D25113083D3300C8AB3A /* Sources */,
				4DF2D25213083D3300C8AB3A /* Frameworks */,
			);
			buildRules = (
			);
			dependencies = (
			);
			name = Tests;
			productName = Tests;
			productReference = 4DF2D25413083D3300C8AB3A /* Tests.app */;
			productType = "com.apple.product-type.application";
		};
/* End PBXNativeTarget section */

/* Begin PBXProject section */
		29B97313FDCFA39411CA2CEA /* Project object */ = {
			isa = PBXProject;
			buildConfigurationList = C01FCF4E08A954540054247B /* Build configuration list for PBXProject "Newsgroup" */;
			compatibilityVersion = "Xcode 3.1";
			developmentRegion = English;
			hasScannedForEncodings = 1;
			knownRegions = (
				English,
				Japanese,
				French,
				German,
				en,
			);
			mainGroup = 29B97314FDCFA39411CA2CEA /* CustomTemplate */;
			projectDirPath = "";
			projectRoot = "";
			targets = (
				1D6058900D05DD3D006BFB54 /* Newsgroup */,
				4DF2D25313083D3300C8AB3A /* Tests */,
			);
		};
/* End PBXProject section */

/* Begin PBXResourcesBuildPhase section */
		1D60588D0D05DD3D006BFB54 /* Resources */ = {
			isa = PBXResourcesBuildPhase;
			buildActionMask = 2147483647;
			files = (
				28AD73600D9D9599002E5188 /* MainWindow.xib in Resources */,
				2899E5600DE3E45000AC0155 /* MainThreadView.xib in Resources */,
				4DB0B61F1305C14600B24E54 /* TestData.plist in Resources */,
				4D9D4D27130CAA2600A34E8F /* HeaderView.xib in Resources */,
			);
			runOnlyForDeploymentPostprocessing = 0;
		};
		4DF2D25013083D3300C8AB3A /* Resources */ = {
			isa = PBXResourcesBuildPhase;
			buildActionMask = 2147483647;
			files = (
				4DC10CF71308863F00944A20 /* Test Database.sqlite in Resources */,
			);
			runOnlyForDeploymentPostprocessing = 0;
		};
/* End PBXResourcesBuildPhase section */

/* Begin PBXSourcesBuildPhase section */
		1D60588E0D05DD3D006BFB54 /* Sources */ = {
			isa = PBXSourcesBuildPhase;
			buildActionMask = 2147483647;
			files = (
				1D60589B0D05DD56006BFB54 /* main.m in Sources */,
				1D3623260D0F684500981E51 /* NewsgroupAppDelegate.m in Sources */,
				28C286E10D94DF7D0034E888 /* MainThreadView.m in Sources */,
				28D3F202112F7DC200FD0661 /* Newsgroup.xcdatamodeld in Sources */,
				4D8D406B1304554A0033E9E7 /* GPDataController.m in Sources */,
				4DB0B6B81306026600B24E54 /* GPPost.m in Sources */,
				4DC10FC3130B430900944A20 /* IndividualThreadView.m in Sources */,
				4D9D4C7A130B5C6100A34E8F /* FetchedResultsViewController.m in Sources */,
				4D9D4D5A130D8A7F00A34E8F /* GPHTTPController.m in Sources */,
				4D9D4DBE130DE55200A34E8F /* GPDataParser.m in Sources */,
				4D9D4E26130E0DD800A34E8F /* ToolbarProgressView.m in Sources */,
			);
			runOnlyForDeploymentPostprocessing = 0;
		};
		4DF2D25113083D3300C8AB3A /* Sources */ = {
			isa = PBXSourcesBuildPhase;
			buildActionMask = 2147483647;
			files = (
				4DC10D5113093EA700944A20 /* Newsgroup.xcdatamodeld in Sources */,
				4DC10D2713089CFF00944A20 /* GPPost.m in Sources */,
				4DC10D0713089B9400944A20 /* GPDataController.m in Sources */,
				4DF2D29313083EF600C8AB3A /* GHUnitIOSTestMain.m in Sources */,
				4DC10CEB130879A000944A20 /* TestGPDataController.m in Sources */,
				4D9D4D59130D8A7F00A34E8F /* GPHTTPController.m in Sources */,
				4D9D4DBD130DE55200A34E8F /* GPDataParser.m in Sources */,
			);
			runOnlyForDeploymentPostprocessing = 0;
		};
/* End PBXSourcesBuildPhase section */

/* Begin XCBuildConfiguration section */
		1D6058940D05DD3E006BFB54 /* Debug */ = {
			isa = XCBuildConfiguration;
			buildSettings = {
				ALWAYS_SEARCH_USER_PATHS = NO;
				COPY_PHASE_STRIP = NO;
				FRAMEWORK_SEARCH_PATHS = (
					"$(inherited)",
					"\"$(SRCROOT)/Frameworks\"",
				);
				GCC_DYNAMIC_NO_PIC = NO;
				GCC_OPTIMIZATION_LEVEL = 0;
				GCC_PRECOMPILE_PREFIX_HEADER = YES;
				GCC_PREFIX_HEADER = Newsgroup_Prefix.pch;
				INFOPLIST_FILE = "Newsgroup-Info.plist";
				PRODUCT_NAME = Newsgroup;
			};
			name = Debug;
		};
		1D6058950D05DD3E006BFB54 /* Release */ = {
			isa = XCBuildConfiguration;
			buildSettings = {
				ALWAYS_SEARCH_USER_PATHS = NO;
				COPY_PHASE_STRIP = YES;
				FRAMEWORK_SEARCH_PATHS = (
					"$(inherited)",
					"\"$(SRCROOT)/Frameworks\"",
				);
				GCC_PRECOMPILE_PREFIX_HEADER = YES;
				GCC_PREFIX_HEADER = Newsgroup_Prefix.pch;
				INFOPLIST_FILE = "Newsgroup-Info.plist";
				PRODUCT_NAME = Newsgroup;
				VALIDATE_PRODUCT = YES;
			};
			name = Release;
		};
		4DF2D25713083D3400C8AB3A /* Debug */ = {
			isa = XCBuildConfiguration;
			buildSettings = {
				ALWAYS_SEARCH_USER_PATHS = NO;
				CODE_SIGN_IDENTITY = "iPhone Developer";
				COPY_PHASE_STRIP = NO;
				FRAMEWORK_SEARCH_PATHS = (
					"$(inherited)",
					"\"$(SRCROOT)/Frameworks\"",
				);
				GCC_DYNAMIC_NO_PIC = NO;
				GCC_OPTIMIZATION_LEVEL = 0;
				GCC_PRECOMPILE_PREFIX_HEADER = YES;
				GCC_PREFIX_HEADER = "Test Classes/Tests_Prefix.pch";
				GCC_WARN_ALLOW_INCOMPLETE_PROTOCOL = YES;
				INFOPLIST_FILE = "Test Classes/Tests-Info.plist";
				INSTALL_PATH = "$(HOME)/Applications";
				LIBRARY_SEARCH_PATHS = (
					"$(inherited)",
					"\"$(SRCROOT)/Frameworks/OCMock\"",
				);
				OTHER_LDFLAGS = (
					"-all_load",
					"-ObjC",
					"-framework",
					Foundation,
					"-framework",
					UIKit,
				);
				PREBINDING = NO;
				PRODUCT_NAME = Tests;
				SDKROOT = iphoneos;
			};
			name = Debug;
		};
		4DF2D25813083D3400C8AB3A /* Release */ = {
			isa = XCBuildConfiguration;
			buildSettings = {
				ALWAYS_SEARCH_USER_PATHS = NO;
				CODE_SIGN_IDENTITY = "iPhone Developer";
				COPY_PHASE_STRIP = YES;
				DEBUG_INFORMATION_FORMAT = "dwarf-with-dsym";
				FRAMEWORK_SEARCH_PATHS = (
					"$(inherited)",
					"\"$(SRCROOT)/Frameworks\"",
				);
				GCC_ENABLE_FIX_AND_CONTINUE = NO;
				GCC_PRECOMPILE_PREFIX_HEADER = YES;
				GCC_PREFIX_HEADER = "Test Classes/Tests_Prefix.pch";
				GCC_WARN_ALLOW_INCOMPLETE_PROTOCOL = YES;
				INFOPLIST_FILE = "Test Classes/Tests-Info.plist";
				INSTALL_PATH = "$(HOME)/Applications";
				LIBRARY_SEARCH_PATHS = (
					"$(inherited)",
					"\"$(SRCROOT)/Frameworks/OCMock\"",
				);
				OTHER_LDFLAGS = (
					"-all_load",
					"-ObjC",
					"-framework",
					Foundation,
					"-framework",
					UIKit,
				);
				PREBINDING = NO;
				PRODUCT_NAME = Tests;
				SDKROOT = iphoneos;
				ZERO_LINK = NO;
			};
			name = Release;
		};
		C01FCF4F08A954540054247B /* Debug */ = {
			isa = XCBuildConfiguration;
			buildSettings = {
				ARCHS = "$(ARCHS_STANDARD_32_BIT)";
				"CODE_SIGN_IDENTITY[sdk=iphoneos*]" = "iPhone Developer";
				GCC_C_LANGUAGE_STANDARD = c99;
				GCC_TREAT_WARNINGS_AS_ERRORS = YES;
				GCC_WARN_64_TO_32_BIT_CONVERSION = YES;
				GCC_WARN_ABOUT_MISSING_FIELD_INITIALIZERS = YES;
				GCC_WARN_ABOUT_MISSING_NEWLINE = YES;
				GCC_WARN_ABOUT_RETURN_TYPE = YES;
				GCC_WARN_CHECK_SWITCH_STATEMENTS = YES;
				GCC_WARN_INITIALIZER_NOT_FULLY_BRACKETED = YES;
				GCC_WARN_MISSING_PARENTHESES = YES;
				GCC_WARN_SHADOW = YES;
				GCC_WARN_SIGN_COMPARE = YES;
				GCC_WARN_TYPECHECK_CALLS_TO_PRINTF = YES;
				GCC_WARN_UNDECLARED_SELECTOR = YES;
				GCC_WARN_UNUSED_FUNCTION = YES;
				GCC_WARN_UNUSED_LABEL = YES;
				GCC_WARN_UNUSED_VALUE = YES;
				GCC_WARN_UNUSED_VARIABLE = YES;
				PREBINDING = NO;
				SDKROOT = iphoneos;
			};
			name = Debug;
		};
		C01FCF5008A954540054247B /* Release */ = {
			isa = XCBuildConfiguration;
			buildSettings = {
				ARCHS = "$(ARCHS_STANDARD_32_BIT)";
				"CODE_SIGN_IDENTITY[sdk=iphoneos*]" = "iPhone Developer";
				GCC_C_LANGUAGE_STANDARD = c99;
				GCC_TREAT_WARNINGS_AS_ERRORS = YES;
				GCC_WARN_64_TO_32_BIT_CONVERSION = YES;
				GCC_WARN_ABOUT_MISSING_FIELD_INITIALIZERS = YES;
				GCC_WARN_ABOUT_MISSING_NEWLINE = YES;
				GCC_WARN_ABOUT_RETURN_TYPE = YES;
				GCC_WARN_CHECK_SWITCH_STATEMENTS = YES;
				GCC_WARN_INITIALIZER_NOT_FULLY_BRACKETED = YES;
				GCC_WARN_MISSING_PARENTHESES = YES;
				GCC_WARN_SHADOW = YES;
				GCC_WARN_SIGN_COMPARE = YES;
				GCC_WARN_TYPECHECK_CALLS_TO_PRINTF = YES;
				GCC_WARN_UNDECLARED_SELECTOR = YES;
				GCC_WARN_UNUSED_FUNCTION = YES;
				GCC_WARN_UNUSED_LABEL = YES;
				GCC_WARN_UNUSED_VALUE = YES;
				GCC_WARN_UNUSED_VARIABLE = YES;
				OTHER_CFLAGS = "-DNS_BLOCK_ASSERTIONS=1";
				PREBINDING = NO;
				RUN_CLANG_STATIC_ANALYZER = YES;
				SDKROOT = iphoneos;
			};
			name = Release;
		};
/* End XCBuildConfiguration section */

/* Begin XCConfigurationList section */
		1D6058960D05DD3E006BFB54 /* Build configuration list for PBXNativeTarget "Newsgroup" */ = {
			isa = XCConfigurationList;
			buildConfigurations = (
				1D6058940D05DD3E006BFB54 /* Debug */,
				1D6058950D05DD3E006BFB54 /* Release */,
			);
			defaultConfigurationIsVisible = 0;
			defaultConfigurationName = Release;
		};
		4DF2D25913083D3400C8AB3A /* Build configuration list for PBXNativeTarget "Tests" */ = {
			isa = XCConfigurationList;
			buildConfigurations = (
				4DF2D25713083D3400C8AB3A /* Debug */,
				4DF2D25813083D3400C8AB3A /* Release */,
			);
			defaultConfigurationIsVisible = 0;
			defaultConfigurationName = Release;
		};
		C01FCF4E08A954540054247B /* Build configuration list for PBXProject "Newsgroup" */ = {
			isa = XCConfigurationList;
			buildConfigurations = (
				C01FCF4F08A954540054247B /* Debug */,
				C01FCF5008A954540054247B /* Release */,
			);
			defaultConfigurationIsVisible = 0;
			defaultConfigurationName = Release;
		};
/* End XCConfigurationList section */

/* Begin XCVersionGroup section */
		28D3F201112F7DC200FD0661 /* Newsgroup.xcdatamodeld */ = {
			isa = XCVersionGroup;
			children = (
				28860B760F44E54D00985440 /* Newsgroup.xcdatamodel */,
			);
			currentVersion = 28860B760F44E54D00985440 /* Newsgroup.xcdatamodel */;
			name = Newsgroup.xcdatamodeld;
			path = Resources/Newsgroup.xcdatamodeld;
			sourceTree = "<group>";
			versionGroupType = wrapper.xcdatamodel;
		};
/* End XCVersionGroup section */
	};
	rootObject = 29B97313FDCFA39411CA2CEA /* Project object */;
}
